PODS:
  - FMDB (2.7.2):
    - FMDB/standard (= 2.7.2)
  - FMDB/standard (2.7.2)
  - Masonry (1.1.0)
  - MBProgressHUD (1.1.0)
  - MJRefresh (3.1.15.3)
  - RATreeView (2.1.2)
  - SVProgressHUD (2.2.5)

DEPENDENCIES:
  - FMDB
  - Masonry
  - MBProgressHUD
  - MJRefresh
  - RATreeView
  - SVProgressHUD

SPEC CHECKSUMS:
  FMDB: 6198a90e7b6900cfc046e6bc0ef6ebb7be9236aa
  Masonry: 678fab65091a9290e40e2832a55e7ab731aad201
  MBProgressHUD: e7baa36a220447d8aeb12769bf0585582f3866d9
  MJRefresh: b48380ae2b927b46c4ef000de9adb8dc748e1df7
  RATreeView: 380cde0090cfde21dc6ac29137f49d3b768fdd28
  SVProgressHUD: 1428aafac632c1f86f62aa4243ec12008d7a51d6

PODFILE CHECKSUM: 8d7bf83e7d7692c1d95fa5a64f73efd416b3cb14

COCOAPODS: 1.4.0
