// !$*UTF8*$!
{
	archiveVersion = 1;
	classes = {
	};
	objectVersion = 48;
	objects = {

/* Begin PBXBuildFile section */
		2886591D5D307FEA0226E929 /* libPods-GFTrademarkQueryAPP.a in Frameworks */ = {isa = PBXBuildFile; fileRef = C3A9978FF160DDF66BCBFDDB /* libPods-GFTrademarkQueryAPP.a */; };
		631A3B7646E466505692A4FB /* libPods-GFTrademarkQueryAPPUITests.a in Frameworks */ = {isa = PBXBuildFile; fileRef = 8A704AE11FB726513C526F54 /* libPods-GFTrademarkQueryAPPUITests.a */; };
		6F4BD6EC1AB35A3CD32222B3 /* libPods-GFTrademarkQueryAPPTests.a in Frameworks */ = {isa = PBXBuildFile; fileRef = 2093A7B3F797E4FB0DCB710E /* libPods-GFTrademarkQueryAPPTests.a */; };
		92347FDF2079AA230098BF30 /* db_range2.sqlite in Resources */ = {isa = PBXBuildFile; fileRef = 92347FDE2079A9B10098BF30 /* db_range2.sqlite */; };
		92347FE02079AA230098BF30 /* niceclass_2018_detail.sqlite in Resources */ = {isa = PBXBuildFile; fileRef = 92347FDD2079A5E70098BF30 /* niceclass_2018_detail.sqlite */; };
		926AE8B52064E35A00FDA8C2 /* AppDelegate.m in Sources */ = {isa = PBXBuildFile; fileRef = 926AE8B42064E35A00FDA8C2 /* AppDelegate.m */; };
		926AE8BB2064E35A00FDA8C2 /* Main.storyboard in Resources */ = {isa = PBXBuildFile; fileRef = 926AE8B92064E35A00FDA8C2 /* Main.storyboard */; };
		926AE8BD2064E35A00FDA8C2 /* Assets.xcassets in Resources */ = {isa = PBXBuildFile; fileRef = 926AE8BC2064E35A00FDA8C2 /* Assets.xcassets */; };
		926AE8C02064E35A00FDA8C2 /* LaunchScreen.storyboard in Resources */ = {isa = PBXBuildFile; fileRef = 926AE8BE2064E35A00FDA8C2 /* LaunchScreen.storyboard */; };
		926AE8C32064E35A00FDA8C2 /* main.m in Sources */ = {isa = PBXBuildFile; fileRef = 926AE8C22064E35A00FDA8C2 /* main.m */; };
		926AE8CD2064E35A00FDA8C2 /* GFTrademarkQueryAPPTests.m in Sources */ = {isa = PBXBuildFile; fileRef = 926AE8CC2064E35A00FDA8C2 /* GFTrademarkQueryAPPTests.m */; };
		926AE8D82064E35A00FDA8C2 /* GFTrademarkQueryAPPUITests.m in Sources */ = {isa = PBXBuildFile; fileRef = 926AE8D72064E35A00FDA8C2 /* GFTrademarkQueryAPPUITests.m */; };
		926AE9082064E9F400FDA8C2 /* UIImage+GFImage.m in Sources */ = {isa = PBXBuildFile; fileRef = 926AE8EB2064E9F400FDA8C2 /* UIImage+GFImage.m */; };
		926AE9092064E9F400FDA8C2 /* UIView+GF_Frame.m in Sources */ = {isa = PBXBuildFile; fileRef = 926AE8EF2064E9F400FDA8C2 /* UIView+GF_Frame.m */; };
		926AE90A2064E9F400FDA8C2 /* UILabel+GFLabel.m in Sources */ = {isa = PBXBuildFile; fileRef = 926AE8F02064E9F400FDA8C2 /* UILabel+GFLabel.m */; };
		926AE90B2064E9F400FDA8C2 /* UINavigationController+FDFullscreenPopGesture.m in Sources */ = {isa = PBXBuildFile; fileRef = 926AE8F12064E9F400FDA8C2 /* UINavigationController+FDFullscreenPopGesture.m */; };
		926AE90D2064E9F400FDA8C2 /* UIColor+Expanded.m in Sources */ = {isa = PBXBuildFile; fileRef = 926AE8F32064E9F400FDA8C2 /* UIColor+Expanded.m */; };
		926AE90E2064E9F400FDA8C2 /* UINavigation+SXFixSpace.m in Sources */ = {isa = PBXBuildFile; fileRef = 926AE8F42064E9F400FDA8C2 /* UINavigation+SXFixSpace.m */; };
		926AE90F2064E9F400FDA8C2 /* UIBarButtonItem+SXCreate.m in Sources */ = {isa = PBXBuildFile; fileRef = 926AE8F52064E9F400FDA8C2 /* UIBarButtonItem+SXCreate.m */; };
		926AE9102064E9F400FDA8C2 /* NSObject+SXRuntime.m in Sources */ = {isa = PBXBuildFile; fileRef = 926AE8F72064E9F400FDA8C2 /* NSObject+SXRuntime.m */; };
		926AE9112064E9F400FDA8C2 /* GFLeftController.m in Sources */ = {isa = PBXBuildFile; fileRef = 926AE8F92064E9F400FDA8C2 /* GFLeftController.m */; };
		926AE9122064E9F400FDA8C2 /* GFRootUseController.m in Sources */ = {isa = PBXBuildFile; fileRef = 926AE8FB2064E9F400FDA8C2 /* GFRootUseController.m */; };
		926AE9132064E9F400FDA8C2 /* GFTrademarkServiceController.m in Sources */ = {isa = PBXBuildFile; fileRef = 926AE8FC2064E9F400FDA8C2 /* GFTrademarkServiceController.m */; };
		926AE9142064E9F400FDA8C2 /* GFControlRootController.m in Sources */ = {isa = PBXBuildFile; fileRef = 926AE8FD2064E9F400FDA8C2 /* GFControlRootController.m */; };
		926AE9152064E9F400FDA8C2 /* ListCell.m in Sources */ = {isa = PBXBuildFile; fileRef = 926AE9012064E9F400FDA8C2 /* ListCell.m */; };
		926AE9162064E9F400FDA8C2 /* LeftView.m in Sources */ = {isa = PBXBuildFile; fileRef = 926AE9022064E9F400FDA8C2 /* LeftView.m */; };
		926AE9172064E9F400FDA8C2 /* ListCell.xib in Resources */ = {isa = PBXBuildFile; fileRef = 926AE9032064E9F400FDA8C2 /* ListCell.xib */; };
		926AE9232064EA0300FDA8C2 /* GFBasicController.m in Sources */ = {isa = PBXBuildFile; fileRef = 926AE91B2064EA0300FDA8C2 /* GFBasicController.m */; };
		926AE9242064EA0300FDA8C2 /* GFTabbarController.m in Sources */ = {isa = PBXBuildFile; fileRef = 926AE91D2064EA0300FDA8C2 /* GFTabbarController.m */; };
		926AE9252064EA0300FDA8C2 /* GFNavController.m in Sources */ = {isa = PBXBuildFile; fileRef = 926AE91F2064EA0300FDA8C2 /* GFNavController.m */; };
		926AE9262064EA0300FDA8C2 /* GFSlideController.m in Sources */ = {isa = PBXBuildFile; fileRef = 926AE9212064EA0300FDA8C2 /* GFSlideController.m */; };
		929D5993206E18E7008977DC /* GFRangeStyleResultVo.m in Sources */ = {isa = PBXBuildFile; fileRef = 929D5990206E18E5008977DC /* GFRangeStyleResultVo.m */; };
		929D5994206E18E7008977DC /* GFRangeStyleResultDao.m in Sources */ = {isa = PBXBuildFile; fileRef = 929D5991206E18E6008977DC /* GFRangeStyleResultDao.m */; };
		929D59972071BF1E008977DC /* ImageCodeResultViewController.m in Sources */ = {isa = PBXBuildFile; fileRef = 929D59952071BF1D008977DC /* ImageCodeResultViewController.m */; };
		92C0C38A2069F8EC005E3170 /* MyInformationController.m in Sources */ = {isa = PBXBuildFile; fileRef = 92C0C3892069F8EC005E3170 /* MyInformationController.m */; };
		92C0C390206A1F8A005E3170 /* StyleResultViewControllerCell.m in Sources */ = {isa = PBXBuildFile; fileRef = 92C0C38E206A1F89005E3170 /* StyleResultViewControllerCell.m */; };
		92C0C391206A1F8A005E3170 /* StyleResultViewController.m in Sources */ = {isa = PBXBuildFile; fileRef = 92C0C38F206A1F89005E3170 /* StyleResultViewController.m */; };
		92C0C394206A392E005E3170 /* GFLeftBasicController.m in Sources */ = {isa = PBXBuildFile; fileRef = 92C0C392206A392D005E3170 /* GFLeftBasicController.m */; };
		92C0C3B2206B8FE4005E3170 /* GFTradeDao.m in Sources */ = {isa = PBXBuildFile; fileRef = 92C0C3AF206B86B4005E3170 /* GFTradeDao.m */; };
		92C0C3B3206B8FE4005E3170 /* GFBaseDao.m in Sources */ = {isa = PBXBuildFile; fileRef = 92C0C3B1206B8812005E3170 /* GFBaseDao.m */; };
		92C0C3B4206B9E17005E3170 /* GFTradeVo.m in Sources */ = {isa = PBXBuildFile; fileRef = 92C0C3A5206B6BE0005E3170 /* GFTradeVo.m */; };
		92C0C3B8206B9E2C005E3170 /* GFBaseVo.m in Sources */ = {isa = PBXBuildFile; fileRef = 92C0C3A4206B6BDF005E3170 /* GFBaseVo.m */; };
		92C0C3BB206B9E2C005E3170 /* GFUserVo.m in Sources */ = {isa = PBXBuildFile; fileRef = 92C0C3A9206B6CBE005E3170 /* GFUserVo.m */; };
		92C0C3BD206B9E2C005E3170 /* GFDeviceVo.m in Sources */ = {isa = PBXBuildFile; fileRef = 92C0C3AB206B6CE3005E3170 /* GFDeviceVo.m */; };
		92C0C3C7206BB723005E3170 /* GFRangeSearchViewController.m in Sources */ = {isa = PBXBuildFile; fileRef = 92C0C3BF206BB723005E3170 /* GFRangeSearchViewController.m */; };
		92C0C3C8206BB723005E3170 /* GFRangeFirstViewController.m in Sources */ = {isa = PBXBuildFile; fileRef = 92C0C3C2206BB723005E3170 /* GFRangeFirstViewController.m */; };
		92C0C3C9206BB723005E3170 /* GFRangeRootViewController.m in Sources */ = {isa = PBXBuildFile; fileRef = 92C0C3C3206BB723005E3170 /* GFRangeRootViewController.m */; };
		92C0C3CA206BB723005E3170 /* GFRangeSecondViewController.m in Sources */ = {isa = PBXBuildFile; fileRef = 92C0C3C5206BB723005E3170 /* GFRangeSecondViewController.m */; };
		92C0C3F1206BBF16005E3170 /* UIColor+IM.m in Sources */ = {isa = PBXBuildFile; fileRef = 92C0C3DB206BBF16005E3170 /* UIColor+IM.m */; };
		92C0C3F2206BBF16005E3170 /* DLLRUCache.m in Sources */ = {isa = PBXBuildFile; fileRef = 92C0C3DD206BBF16005E3170 /* DLLRUCache.m */; };
		92C0C3F3206BBF16005E3170 /* NSString+RegularExpression.m in Sources */ = {isa = PBXBuildFile; fileRef = 92C0C3E5206BBF16005E3170 /* NSString+RegularExpression.m */; };
		92C0C3F4206BBF16005E3170 /* DLTabedSlideView.m in Sources */ = {isa = PBXBuildFile; fileRef = 92C0C3E6206BBF16005E3170 /* DLTabedSlideView.m */; };
		92C0C3F5206BBF16005E3170 /* DLScrollTabbarView.m in Sources */ = {isa = PBXBuildFile; fileRef = 92C0C3EB206BBF16005E3170 /* DLScrollTabbarView.m */; };
		92C0C3F6206BBF16005E3170 /* DLFixedTabbarView.m in Sources */ = {isa = PBXBuildFile; fileRef = 92C0C3EC206BBF16005E3170 /* DLFixedTabbarView.m */; };
		92C0C3F7206BBF16005E3170 /* DLUtility.m in Sources */ = {isa = PBXBuildFile; fileRef = 92C0C3ED206BBF16005E3170 /* DLUtility.m */; };
		92C0C3F8206BBF16005E3170 /* UILabel+IM.m in Sources */ = {isa = PBXBuildFile; fileRef = 92C0C3EE206BBF16005E3170 /* UILabel+IM.m */; };
		92C0C3F9206BBF16005E3170 /* DLCustomSlideView.m in Sources */ = {isa = PBXBuildFile; fileRef = 92C0C3EF206BBF16005E3170 /* DLCustomSlideView.m */; };
		92C0C3FA206BBF16005E3170 /* DLSlideView.m in Sources */ = {isa = PBXBuildFile; fileRef = 92C0C3F0206BBF16005E3170 /* DLSlideView.m */; };
		92C0C406206BBF1B005E3170 /* GFButton.m in Sources */ = {isa = PBXBuildFile; fileRef = 92C0C3FD206BBF1B005E3170 /* GFButton.m */; };
		92C0C407206BBF1B005E3170 /* GFRangeVo.m in Sources */ = {isa = PBXBuildFile; fileRef = 92C0C3FF206BBF1B005E3170 /* GFRangeVo.m */; };
		92C0C408206BBF1B005E3170 /* UIBarButtonItem+GFNavigation.m in Sources */ = {isa = PBXBuildFile; fileRef = 92C0C400206BBF1B005E3170 /* UIBarButtonItem+GFNavigation.m */; };
		92C0C409206BBF1B005E3170 /* GFRangeDao.m in Sources */ = {isa = PBXBuildFile; fileRef = 92C0C401206BBF1B005E3170 /* GFRangeDao.m */; };
		92C0C40A206BBF1B005E3170 /* GFTypePickerView.m in Sources */ = {isa = PBXBuildFile; fileRef = 92C0C402206BBF1B005E3170 /* GFTypePickerView.m */; };
		92E0E9612068825B00DB2172 /* CCCycleScrollView.m in Sources */ = {isa = PBXBuildFile; fileRef = 92E0E9602068825B00DB2172 /* CCCycleScrollView.m */; };
		92E0E96420688EEB00DB2172 /* UIViewController+GFAlert.m in Sources */ = {isa = PBXBuildFile; fileRef = 92E0E96320688EEA00DB2172 /* UIViewController+GFAlert.m */; };
		92E0E9692068DB4700DB2172 /* ShareController.m in Sources */ = {isa = PBXBuildFile; fileRef = 92E0E9682068DB4700DB2172 /* ShareController.m */; };
		92E0E96C2068DCB800DB2172 /* AboutUsController.m in Sources */ = {isa = PBXBuildFile; fileRef = 92E0E96B2068DCB800DB2172 /* AboutUsController.m */; };
		92EA7F38206BC4ED005D2668 /* UIButton+GFButton.m in Sources */ = {isa = PBXBuildFile; fileRef = 92EA7F37206BC4ED005D2668 /* UIButton+GFButton.m */; };
		92EA7F3B206BC65D005D2668 /* UIImageView+HTC.m in Sources */ = {isa = PBXBuildFile; fileRef = 92EA7F3A206BC65D005D2668 /* UIImageView+HTC.m */; };
		92EA7F3F206BD756005D2668 /* db_range.sqlite in Resources */ = {isa = PBXBuildFile; fileRef = 92EA7F3D206BCA30005D2668 /* db_range.sqlite */; };
		92EA7F40206BD758005D2668 /* db_image_code.sqlite in Resources */ = {isa = PBXBuildFile; fileRef = 92EA7F3C206BCA2F005D2668 /* db_image_code.sqlite */; };
		92EA7F44206BE7A1005D2668 /* GFImageCodeViewController.m in Sources */ = {isa = PBXBuildFile; fileRef = 92EA7F42206BE7A0005D2668 /* GFImageCodeViewController.m */; };
		92EA7F47206BE7D8005D2668 /* GFImageCodeVo.m in Sources */ = {isa = PBXBuildFile; fileRef = 92EA7F46206BE7D7005D2668 /* GFImageCodeVo.m */; };
		92EA7F4A206BE886005D2668 /* GFImageCodeDao.m in Sources */ = {isa = PBXBuildFile; fileRef = 92EA7F49206BE886005D2668 /* GFImageCodeDao.m */; };
		92F168DE2068FDAC0001CBAD /* SetUpController.m in Sources */ = {isa = PBXBuildFile; fileRef = 92F168DD2068FDAC0001CBAD /* SetUpController.m */; };
		92F168E1206948B10001CBAD /* MyFavoriteController.m in Sources */ = {isa = PBXBuildFile; fileRef = 92F168DF206948B10001CBAD /* MyFavoriteController.m */; };
		92F168E4206948B90001CBAD /* AdviceController.m in Sources */ = {isa = PBXBuildFile; fileRef = 92F168E3206948B90001CBAD /* AdviceController.m */; };
		92F168E7206948BE0001CBAD /* UpdateController.m in Sources */ = {isa = PBXBuildFile; fileRef = 92F168E6206948BE0001CBAD /* UpdateController.m */; };
		92F168EA20694A0D0001CBAD /* StyleTableController.m in Sources */ = {isa = PBXBuildFile; fileRef = 92F168E920694A0C0001CBAD /* StyleTableController.m */; };
		92F168F0206956840001CBAD /* SetUpController.storyboard in Resources */ = {isa = PBXBuildFile; fileRef = 92F168EF206956830001CBAD /* SetUpController.storyboard */; };
		92F168F2206959400001CBAD /* LeftView.xib in Resources */ = {isa = PBXBuildFile; fileRef = 92F168F1206959400001CBAD /* LeftView.xib */; };
/* End PBXBuildFile section */

/* Begin PBXContainerItemProxy section */
		926AE8C92064E35A00FDA8C2 /* PBXContainerItemProxy */ = {
			isa = PBXContainerItemProxy;
			containerPortal = 926AE8A82064E35A00FDA8C2 /* Project object */;
			proxyType = 1;
			remoteGlobalIDString = 926AE8AF2064E35A00FDA8C2;
			remoteInfo = GFTrademarkQueryAPP;
		};
		926AE8D42064E35A00FDA8C2 /* PBXContainerItemProxy */ = {
			isa = PBXContainerItemProxy;
			containerPortal = 926AE8A82064E35A00FDA8C2 /* Project object */;
			proxyType = 1;
			remoteGlobalIDString = 926AE8AF2064E35A00FDA8C2;
			remoteInfo = GFTrademarkQueryAPP;
		};
/* End PBXContainerItemProxy section */

/* Begin PBXFileReference section */
		2093A7B3F797E4FB0DCB710E /* libPods-GFTrademarkQueryAPPTests.a */ = {isa = PBXFileReference; explicitFileType = archive.ar; includeInIndex = 0; path = "libPods-GFTrademarkQueryAPPTests.a"; sourceTree = BUILT_PRODUCTS_DIR; };
		2DD5F845016CB23F16110E73 /* Pods-GFTrademarkQueryAPPTests.debug.xcconfig */ = {isa = PBXFileReference; includeInIndex = 1; lastKnownFileType = text.xcconfig; name = "Pods-GFTrademarkQueryAPPTests.debug.xcconfig"; path = "Pods/Target Support Files/Pods-GFTrademarkQueryAPPTests/Pods-GFTrademarkQueryAPPTests.debug.xcconfig"; sourceTree = "<group>"; };
		8693E082C7B9C7BF17171525 /* Pods-GFTrademarkQueryAPPUITests.debug.xcconfig */ = {isa = PBXFileReference; includeInIndex = 1; lastKnownFileType = text.xcconfig; name = "Pods-GFTrademarkQueryAPPUITests.debug.xcconfig"; path = "Pods/Target Support Files/Pods-GFTrademarkQueryAPPUITests/Pods-GFTrademarkQueryAPPUITests.debug.xcconfig"; sourceTree = "<group>"; };
		8A3039D53BBCE9C101043E47 /* Pods-GFTrademarkQueryAPPUITests.release.xcconfig */ = {isa = PBXFileReference; includeInIndex = 1; lastKnownFileType = text.xcconfig; name = "Pods-GFTrademarkQueryAPPUITests.release.xcconfig"; path = "Pods/Target Support Files/Pods-GFTrademarkQueryAPPUITests/Pods-GFTrademarkQueryAPPUITests.release.xcconfig"; sourceTree = "<group>"; };
		8A704AE11FB726513C526F54 /* libPods-GFTrademarkQueryAPPUITests.a */ = {isa = PBXFileReference; explicitFileType = archive.ar; includeInIndex = 0; path = "libPods-GFTrademarkQueryAPPUITests.a"; sourceTree = BUILT_PRODUCTS_DIR; };
		92347FDD2079A5E70098BF30 /* niceclass_2018_detail.sqlite */ = {isa = PBXFileReference; lastKnownFileType = file; path = niceclass_2018_detail.sqlite; sourceTree = "<group>"; };
		92347FDE2079A9B10098BF30 /* db_range2.sqlite */ = {isa = PBXFileReference; lastKnownFileType = file; path = db_range2.sqlite; sourceTree = "<group>"; };
		926AE8B02064E35A00FDA8C2 /* GFTrademarkQueryAPP.app */ = {isa = PBXFileReference; explicitFileType = wrapper.application; includeInIndex = 0; path = GFTrademarkQueryAPP.app; sourceTree = BUILT_PRODUCTS_DIR; };
		926AE8B32064E35A00FDA8C2 /* AppDelegate.h */ = {isa = PBXFileReference; lastKnownFileType = sourcecode.c.h; path = AppDelegate.h; sourceTree = "<group>"; };
		926AE8B42064E35A00FDA8C2 /* AppDelegate.m */ = {isa = PBXFileReference; lastKnownFileType = sourcecode.c.objc; path = AppDelegate.m; sourceTree = "<group>"; };
		926AE8BA2064E35A00FDA8C2 /* Base */ = {isa = PBXFileReference; lastKnownFileType = file.storyboard; name = Base; path = Base.lproj/Main.storyboard; sourceTree = "<group>"; };
		926AE8BC2064E35A00FDA8C2 /* Assets.xcassets */ = {isa = PBXFileReference; lastKnownFileType = folder.assetcatalog; path = Assets.xcassets; sourceTree = "<group>"; };
		926AE8BF2064E35A00FDA8C2 /* Base */ = {isa = PBXFileReference; lastKnownFileType = file.storyboard; name = Base; path = Base.lproj/LaunchScreen.storyboard; sourceTree = "<group>"; };
		926AE8C12064E35A00FDA8C2 /* Info.plist */ = {isa = PBXFileReference; lastKnownFileType = text.plist.xml; path = Info.plist; sourceTree = "<group>"; };
		926AE8C22064E35A00FDA8C2 /* main.m */ = {isa = PBXFileReference; lastKnownFileType = sourcecode.c.objc; path = main.m; sourceTree = "<group>"; };
		926AE8C82064E35A00FDA8C2 /* GFTrademarkQueryAPPTests.xctest */ = {isa = PBXFileReference; explicitFileType = wrapper.cfbundle; includeInIndex = 0; path = GFTrademarkQueryAPPTests.xctest; sourceTree = BUILT_PRODUCTS_DIR; };
		926AE8CC2064E35A00FDA8C2 /* GFTrademarkQueryAPPTests.m */ = {isa = PBXFileReference; lastKnownFileType = sourcecode.c.objc; path = GFTrademarkQueryAPPTests.m; sourceTree = "<group>"; };
		926AE8CE2064E35A00FDA8C2 /* Info.plist */ = {isa = PBXFileReference; lastKnownFileType = text.plist.xml; path = Info.plist; sourceTree = "<group>"; };
		926AE8D32064E35A00FDA8C2 /* GFTrademarkQueryAPPUITests.xctest */ = {isa = PBXFileReference; explicitFileType = wrapper.cfbundle; includeInIndex = 0; path = GFTrademarkQueryAPPUITests.xctest; sourceTree = BUILT_PRODUCTS_DIR; };
		926AE8D72064E35A00FDA8C2 /* GFTrademarkQueryAPPUITests.m */ = {isa = PBXFileReference; lastKnownFileType = sourcecode.c.objc; path = GFTrademarkQueryAPPUITests.m; sourceTree = "<group>"; };
		926AE8D92064E35A00FDA8C2 /* Info.plist */ = {isa = PBXFileReference; lastKnownFileType = text.plist.xml; path = Info.plist; sourceTree = "<group>"; };
		926AE8E62064E9F400FDA8C2 /* UINavigationController+FDFullscreenPopGesture.h */ = {isa = PBXFileReference; fileEncoding = 4; lastKnownFileType = sourcecode.c.h; path = "UINavigationController+FDFullscreenPopGesture.h"; sourceTree = "<group>"; };
		926AE8E72064E9F400FDA8C2 /* UILabel+GFLabel.h */ = {isa = PBXFileReference; fileEncoding = 4; lastKnownFileType = sourcecode.c.h; path = "UILabel+GFLabel.h"; sourceTree = "<group>"; };
		926AE8E82064E9F400FDA8C2 /* UIView+GF_Frame.h */ = {isa = PBXFileReference; fileEncoding = 4; lastKnownFileType = sourcecode.c.h; path = "UIView+GF_Frame.h"; sourceTree = "<group>"; };
		926AE8EA2064E9F400FDA8C2 /* NSObject+SXRuntime.h */ = {isa = PBXFileReference; fileEncoding = 4; lastKnownFileType = sourcecode.c.h; path = "NSObject+SXRuntime.h"; sourceTree = "<group>"; };
		926AE8EB2064E9F400FDA8C2 /* UIImage+GFImage.m */ = {isa = PBXFileReference; fileEncoding = 4; lastKnownFileType = sourcecode.c.objc; path = "UIImage+GFImage.m"; sourceTree = "<group>"; };
		926AE8EC2064E9F400FDA8C2 /* UINavigation+SXFixSpace.h */ = {isa = PBXFileReference; fileEncoding = 4; lastKnownFileType = sourcecode.c.h; path = "UINavigation+SXFixSpace.h"; sourceTree = "<group>"; };
		926AE8ED2064E9F400FDA8C2 /* UIBarButtonItem+SXCreate.h */ = {isa = PBXFileReference; fileEncoding = 4; lastKnownFileType = sourcecode.c.h; path = "UIBarButtonItem+SXCreate.h"; sourceTree = "<group>"; };
		926AE8EE2064E9F400FDA8C2 /* UIColor+Expanded.h */ = {isa = PBXFileReference; fileEncoding = 4; lastKnownFileType = sourcecode.c.h; path = "UIColor+Expanded.h"; sourceTree = "<group>"; };
		926AE8EF2064E9F400FDA8C2 /* UIView+GF_Frame.m */ = {isa = PBXFileReference; fileEncoding = 4; lastKnownFileType = sourcecode.c.objc; path = "UIView+GF_Frame.m"; sourceTree = "<group>"; };
		926AE8F02064E9F400FDA8C2 /* UILabel+GFLabel.m */ = {isa = PBXFileReference; fileEncoding = 4; lastKnownFileType = sourcecode.c.objc; path = "UILabel+GFLabel.m"; sourceTree = "<group>"; };
		926AE8F12064E9F400FDA8C2 /* UINavigationController+FDFullscreenPopGesture.m */ = {isa = PBXFileReference; fileEncoding = 4; lastKnownFileType = sourcecode.c.objc; path = "UINavigationController+FDFullscreenPopGesture.m"; sourceTree = "<group>"; };
		926AE8F32064E9F400FDA8C2 /* UIColor+Expanded.m */ = {isa = PBXFileReference; fileEncoding = 4; lastKnownFileType = sourcecode.c.objc; path = "UIColor+Expanded.m"; sourceTree = "<group>"; };
		926AE8F42064E9F400FDA8C2 /* UINavigation+SXFixSpace.m */ = {isa = PBXFileReference; fileEncoding = 4; lastKnownFileType = sourcecode.c.objc; path = "UINavigation+SXFixSpace.m"; sourceTree = "<group>"; };
		926AE8F52064E9F400FDA8C2 /* UIBarButtonItem+SXCreate.m */ = {isa = PBXFileReference; fileEncoding = 4; lastKnownFileType = sourcecode.c.objc; path = "UIBarButtonItem+SXCreate.m"; sourceTree = "<group>"; };
		926AE8F62064E9F400FDA8C2 /* UIImage+GFImage.h */ = {isa = PBXFileReference; fileEncoding = 4; lastKnownFileType = sourcecode.c.h; path = "UIImage+GFImage.h"; sourceTree = "<group>"; };
		926AE8F72064E9F400FDA8C2 /* NSObject+SXRuntime.m */ = {isa = PBXFileReference; fileEncoding = 4; lastKnownFileType = sourcecode.c.objc; path = "NSObject+SXRuntime.m"; sourceTree = "<group>"; };
		926AE8F92064E9F400FDA8C2 /* GFLeftController.m */ = {isa = PBXFileReference; fileEncoding = 4; lastKnownFileType = sourcecode.c.objc; path = GFLeftController.m; sourceTree = "<group>"; };
		926AE8FA2064E9F400FDA8C2 /* GFControlRootController.h */ = {isa = PBXFileReference; fileEncoding = 4; lastKnownFileType = sourcecode.c.h; path = GFControlRootController.h; sourceTree = "<group>"; };
		926AE8FB2064E9F400FDA8C2 /* GFRootUseController.m */ = {isa = PBXFileReference; fileEncoding = 4; lastKnownFileType = sourcecode.c.objc; path = GFRootUseController.m; sourceTree = "<group>"; };
		926AE8FC2064E9F400FDA8C2 /* GFTrademarkServiceController.m */ = {isa = PBXFileReference; fileEncoding = 4; lastKnownFileType = sourcecode.c.objc; path = GFTrademarkServiceController.m; sourceTree = "<group>"; };
		926AE8FD2064E9F400FDA8C2 /* GFControlRootController.m */ = {isa = PBXFileReference; fileEncoding = 4; lastKnownFileType = sourcecode.c.objc; path = GFControlRootController.m; sourceTree = "<group>"; };
		926AE8FE2064E9F400FDA8C2 /* GFLeftController.h */ = {isa = PBXFileReference; fileEncoding = 4; lastKnownFileType = sourcecode.c.h; path = GFLeftController.h; sourceTree = "<group>"; };
		926AE8FF2064E9F400FDA8C2 /* GFRootUseController.h */ = {isa = PBXFileReference; fileEncoding = 4; lastKnownFileType = sourcecode.c.h; path = GFRootUseController.h; sourceTree = "<group>"; };
		926AE9012064E9F400FDA8C2 /* ListCell.m */ = {isa = PBXFileReference; fileEncoding = 4; lastKnownFileType = sourcecode.c.objc; path = ListCell.m; sourceTree = "<group>"; };
		926AE9022064E9F400FDA8C2 /* LeftView.m */ = {isa = PBXFileReference; fileEncoding = 4; lastKnownFileType = sourcecode.c.objc; path = LeftView.m; sourceTree = "<group>"; };
		926AE9032064E9F400FDA8C2 /* ListCell.xib */ = {isa = PBXFileReference; fileEncoding = 4; lastKnownFileType = file.xib; path = ListCell.xib; sourceTree = "<group>"; };
		926AE9042064E9F400FDA8C2 /* ListCell.h */ = {isa = PBXFileReference; fileEncoding = 4; lastKnownFileType = sourcecode.c.h; path = ListCell.h; sourceTree = "<group>"; };
		926AE9052064E9F400FDA8C2 /* LeftView.h */ = {isa = PBXFileReference; fileEncoding = 4; lastKnownFileType = sourcecode.c.h; path = LeftView.h; sourceTree = "<group>"; };
		926AE9072064E9F400FDA8C2 /* GFTrademarkServiceController.h */ = {isa = PBXFileReference; fileEncoding = 4; lastKnownFileType = sourcecode.c.h; path = GFTrademarkServiceController.h; sourceTree = "<group>"; };
		926AE91A2064EA0300FDA8C2 /* GFNavController.h */ = {isa = PBXFileReference; fileEncoding = 4; lastKnownFileType = sourcecode.c.h; path = GFNavController.h; sourceTree = "<group>"; };
		926AE91B2064EA0300FDA8C2 /* GFBasicController.m */ = {isa = PBXFileReference; fileEncoding = 4; lastKnownFileType = sourcecode.c.objc; path = GFBasicController.m; sourceTree = "<group>"; };
		926AE91C2064EA0300FDA8C2 /* GFTabbarController.h */ = {isa = PBXFileReference; fileEncoding = 4; lastKnownFileType = sourcecode.c.h; path = GFTabbarController.h; sourceTree = "<group>"; };
		926AE91D2064EA0300FDA8C2 /* GFTabbarController.m */ = {isa = PBXFileReference; fileEncoding = 4; lastKnownFileType = sourcecode.c.objc; path = GFTabbarController.m; sourceTree = "<group>"; };
		926AE91E2064EA0300FDA8C2 /* GFBasicController.h */ = {isa = PBXFileReference; fileEncoding = 4; lastKnownFileType = sourcecode.c.h; path = GFBasicController.h; sourceTree = "<group>"; };
		926AE91F2064EA0300FDA8C2 /* GFNavController.m */ = {isa = PBXFileReference; fileEncoding = 4; lastKnownFileType = sourcecode.c.objc; path = GFNavController.m; sourceTree = "<group>"; };
		926AE9212064EA0300FDA8C2 /* GFSlideController.m */ = {isa = PBXFileReference; fileEncoding = 4; lastKnownFileType = sourcecode.c.objc; path = GFSlideController.m; sourceTree = "<group>"; };
		926AE9222064EA0300FDA8C2 /* GFSlideController.h */ = {isa = PBXFileReference; fileEncoding = 4; lastKnownFileType = sourcecode.c.h; path = GFSlideController.h; sourceTree = "<group>"; };
		926AE9282064F31C00FDA8C2 /* PrefixHeader.pch */ = {isa = PBXFileReference; lastKnownFileType = sourcecode.c.h; path = PrefixHeader.pch; sourceTree = "<group>"; };
		929D598F206E18E5008977DC /* GFRangeStyleResultDao.h */ = {isa = PBXFileReference; lastKnownFileType = sourcecode.c.h; path = GFRangeStyleResultDao.h; sourceTree = "<group>"; };
		929D5990206E18E5008977DC /* GFRangeStyleResultVo.m */ = {isa = PBXFileReference; lastKnownFileType = sourcecode.c.objc; path = GFRangeStyleResultVo.m; sourceTree = "<group>"; };
		929D5991206E18E6008977DC /* GFRangeStyleResultDao.m */ = {isa = PBXFileReference; lastKnownFileType = sourcecode.c.objc; path = GFRangeStyleResultDao.m; sourceTree = "<group>"; };
		929D5992206E18E7008977DC /* GFRangeStyleResultVo.h */ = {isa = PBXFileReference; lastKnownFileType = sourcecode.c.h; path = GFRangeStyleResultVo.h; sourceTree = "<group>"; };
		929D59952071BF1D008977DC /* ImageCodeResultViewController.m */ = {isa = PBXFileReference; lastKnownFileType = sourcecode.c.objc; path = ImageCodeResultViewController.m; sourceTree = "<group>"; };
		929D59962071BF1D008977DC /* ImageCodeResultViewController.h */ = {isa = PBXFileReference; lastKnownFileType = sourcecode.c.h; path = ImageCodeResultViewController.h; sourceTree = "<group>"; };
		92C0C3882069F8EB005E3170 /* MyInformationController.h */ = {isa = PBXFileReference; lastKnownFileType = sourcecode.c.h; path = MyInformationController.h; sourceTree = "<group>"; };
		92C0C3892069F8EC005E3170 /* MyInformationController.m */ = {isa = PBXFileReference; lastKnownFileType = sourcecode.c.objc; path = MyInformationController.m; sourceTree = "<group>"; };
		92C0C38B206A1F89005E3170 /* StyleResultViewController.h */ = {isa = PBXFileReference; fileEncoding = 4; lastKnownFileType = sourcecode.c.h; path = StyleResultViewController.h; sourceTree = "<group>"; };
		92C0C38D206A1F89005E3170 /* StyleResultViewControllerCell.h */ = {isa = PBXFileReference; fileEncoding = 4; lastKnownFileType = sourcecode.c.h; path = StyleResultViewControllerCell.h; sourceTree = "<group>"; };
		92C0C38E206A1F89005E3170 /* StyleResultViewControllerCell.m */ = {isa = PBXFileReference; fileEncoding = 4; lastKnownFileType = sourcecode.c.objc; path = StyleResultViewControllerCell.m; sourceTree = "<group>"; };
		92C0C38F206A1F89005E3170 /* StyleResultViewController.m */ = {isa = PBXFileReference; fileEncoding = 4; lastKnownFileType = sourcecode.c.objc; path = StyleResultViewController.m; sourceTree = "<group>"; };
		92C0C392206A392D005E3170 /* GFLeftBasicController.m */ = {isa = PBXFileReference; lastKnownFileType = sourcecode.c.objc; path = GFLeftBasicController.m; sourceTree = "<group>"; };
		92C0C393206A392E005E3170 /* GFLeftBasicController.h */ = {isa = PBXFileReference; lastKnownFileType = sourcecode.c.h; path = GFLeftBasicController.h; sourceTree = "<group>"; };
		92C0C3A2206B6BDF005E3170 /* GFBaseVo.h */ = {isa = PBXFileReference; lastKnownFileType = sourcecode.c.h; path = GFBaseVo.h; sourceTree = "<group>"; };
		92C0C3A3206B6BDF005E3170 /* GFTradeVo.h */ = {isa = PBXFileReference; lastKnownFileType = sourcecode.c.h; path = GFTradeVo.h; sourceTree = "<group>"; };
		92C0C3A4206B6BDF005E3170 /* GFBaseVo.m */ = {isa = PBXFileReference; lastKnownFileType = sourcecode.c.objc; path = GFBaseVo.m; sourceTree = "<group>"; };
		92C0C3A5206B6BE0005E3170 /* GFTradeVo.m */ = {isa = PBXFileReference; lastKnownFileType = sourcecode.c.objc; path = GFTradeVo.m; sourceTree = "<group>"; };
		92C0C3A8206B6CBE005E3170 /* GFUserVo.h */ = {isa = PBXFileReference; lastKnownFileType = sourcecode.c.h; path = GFUserVo.h; sourceTree = "<group>"; };
		92C0C3A9206B6CBE005E3170 /* GFUserVo.m */ = {isa = PBXFileReference; lastKnownFileType = sourcecode.c.objc; path = GFUserVo.m; sourceTree = "<group>"; };
		92C0C3AA206B6CE2005E3170 /* GFDeviceVo.h */ = {isa = PBXFileReference; lastKnownFileType = sourcecode.c.h; path = GFDeviceVo.h; sourceTree = "<group>"; };
		92C0C3AB206B6CE3005E3170 /* GFDeviceVo.m */ = {isa = PBXFileReference; lastKnownFileType = sourcecode.c.objc; path = GFDeviceVo.m; sourceTree = "<group>"; };
		92C0C3AE206B86B4005E3170 /* GFTradeDao.h */ = {isa = PBXFileReference; lastKnownFileType = sourcecode.c.h; path = GFTradeDao.h; sourceTree = "<group>"; };
		92C0C3AF206B86B4005E3170 /* GFTradeDao.m */ = {isa = PBXFileReference; lastKnownFileType = sourcecode.c.objc; path = GFTradeDao.m; sourceTree = "<group>"; };
		92C0C3B0206B8811005E3170 /* GFBaseDao.h */ = {isa = PBXFileReference; lastKnownFileType = sourcecode.c.h; path = GFBaseDao.h; sourceTree = "<group>"; };
		92C0C3B1206B8812005E3170 /* GFBaseDao.m */ = {isa = PBXFileReference; lastKnownFileType = sourcecode.c.objc; path = GFBaseDao.m; sourceTree = "<group>"; };
		92C0C3BF206BB723005E3170 /* GFRangeSearchViewController.m */ = {isa = PBXFileReference; fileEncoding = 4; lastKnownFileType = sourcecode.c.objc; path = GFRangeSearchViewController.m; sourceTree = "<group>"; };
		92C0C3C0206BB723005E3170 /* GFRangeRootViewController.h */ = {isa = PBXFileReference; fileEncoding = 4; lastKnownFileType = sourcecode.c.h; path = GFRangeRootViewController.h; sourceTree = "<group>"; };
		92C0C3C1206BB723005E3170 /* GFRangeSecondViewController.h */ = {isa = PBXFileReference; fileEncoding = 4; lastKnownFileType = sourcecode.c.h; path = GFRangeSecondViewController.h; sourceTree = "<group>"; };
		92C0C3C2206BB723005E3170 /* GFRangeFirstViewController.m */ = {isa = PBXFileReference; fileEncoding = 4; lastKnownFileType = sourcecode.c.objc; path = GFRangeFirstViewController.m; sourceTree = "<group>"; };
		92C0C3C3206BB723005E3170 /* GFRangeRootViewController.m */ = {isa = PBXFileReference; fileEncoding = 4; lastKnownFileType = sourcecode.c.objc; path = GFRangeRootViewController.m; sourceTree = "<group>"; };
		92C0C3C4206BB723005E3170 /* GFRangeSearchViewController.h */ = {isa = PBXFileReference; fileEncoding = 4; lastKnownFileType = sourcecode.c.h; path = GFRangeSearchViewController.h; sourceTree = "<group>"; };
		92C0C3C5206BB723005E3170 /* GFRangeSecondViewController.m */ = {isa = PBXFileReference; fileEncoding = 4; lastKnownFileType = sourcecode.c.objc; path = GFRangeSecondViewController.m; sourceTree = "<group>"; };
		92C0C3C6206BB723005E3170 /* GFRangeFirstViewController.h */ = {isa = PBXFileReference; fileEncoding = 4; lastKnownFileType = sourcecode.c.h; path = GFRangeFirstViewController.h; sourceTree = "<group>"; };
		92C0C3D9206BBF15005E3170 /* DLTabedSlideView.h */ = {isa = PBXFileReference; fileEncoding = 4; lastKnownFileType = sourcecode.c.h; path = DLTabedSlideView.h; sourceTree = "<group>"; };
		92C0C3DA206BBF16005E3170 /* NSString+RegularExpression.h */ = {isa = PBXFileReference; fileEncoding = 4; lastKnownFileType = sourcecode.c.h; path = "NSString+RegularExpression.h"; sourceTree = "<group>"; };
		92C0C3DB206BBF16005E3170 /* UIColor+IM.m */ = {isa = PBXFileReference; fileEncoding = 4; lastKnownFileType = sourcecode.c.objc; path = "UIColor+IM.m"; sourceTree = "<group>"; };
		92C0C3DD206BBF16005E3170 /* DLLRUCache.m */ = {isa = PBXFileReference; fileEncoding = 4; lastKnownFileType = sourcecode.c.objc; path = DLLRUCache.m; sourceTree = "<group>"; };
		92C0C3DE206BBF16005E3170 /* DLCacheProtocol.h */ = {isa = PBXFileReference; fileEncoding = 4; lastKnownFileType = sourcecode.c.h; path = DLCacheProtocol.h; sourceTree = "<group>"; };
		92C0C3DF206BBF16005E3170 /* DLLRUCache.h */ = {isa = PBXFileReference; fileEncoding = 4; lastKnownFileType = sourcecode.c.h; path = DLLRUCache.h; sourceTree = "<group>"; };
		92C0C3E0206BBF16005E3170 /* DLUtility.h */ = {isa = PBXFileReference; fileEncoding = 4; lastKnownFileType = sourcecode.c.h; path = DLUtility.h; sourceTree = "<group>"; };
		92C0C3E1206BBF16005E3170 /* UILabel+IM.h */ = {isa = PBXFileReference; fileEncoding = 4; lastKnownFileType = sourcecode.c.h; path = "UILabel+IM.h"; sourceTree = "<group>"; };
		92C0C3E2206BBF16005E3170 /* DLSlideView.h */ = {isa = PBXFileReference; fileEncoding = 4; lastKnownFileType = sourcecode.c.h; path = DLSlideView.h; sourceTree = "<group>"; };
		92C0C3E3206BBF16005E3170 /* DLCustomSlideView.h */ = {isa = PBXFileReference; fileEncoding = 4; lastKnownFileType = sourcecode.c.h; path = DLCustomSlideView.h; sourceTree = "<group>"; };
		92C0C3E4206BBF16005E3170 /* UIColor+IM.h */ = {isa = PBXFileReference; fileEncoding = 4; lastKnownFileType = sourcecode.c.h; path = "UIColor+IM.h"; sourceTree = "<group>"; };
		92C0C3E5206BBF16005E3170 /* NSString+RegularExpression.m */ = {isa = PBXFileReference; fileEncoding = 4; lastKnownFileType = sourcecode.c.objc; path = "NSString+RegularExpression.m"; sourceTree = "<group>"; };
		92C0C3E6206BBF16005E3170 /* DLTabedSlideView.m */ = {isa = PBXFileReference; fileEncoding = 4; lastKnownFileType = sourcecode.c.objc; path = DLTabedSlideView.m; sourceTree = "<group>"; };
		92C0C3E8206BBF16005E3170 /* DLSlideTabbarProtocol.h */ = {isa = PBXFileReference; fileEncoding = 4; lastKnownFileType = sourcecode.c.h; path = DLSlideTabbarProtocol.h; sourceTree = "<group>"; };
		92C0C3E9206BBF16005E3170 /* DLScrollTabbarView.h */ = {isa = PBXFileReference; fileEncoding = 4; lastKnownFileType = sourcecode.c.h; path = DLScrollTabbarView.h; sourceTree = "<group>"; };
		92C0C3EA206BBF16005E3170 /* DLFixedTabbarView.h */ = {isa = PBXFileReference; fileEncoding = 4; lastKnownFileType = sourcecode.c.h; path = DLFixedTabbarView.h; sourceTree = "<group>"; };
		92C0C3EB206BBF16005E3170 /* DLScrollTabbarView.m */ = {isa = PBXFileReference; fileEncoding = 4; lastKnownFileType = sourcecode.c.objc; path = DLScrollTabbarView.m; sourceTree = "<group>"; };
		92C0C3EC206BBF16005E3170 /* DLFixedTabbarView.m */ = {isa = PBXFileReference; fileEncoding = 4; lastKnownFileType = sourcecode.c.objc; path = DLFixedTabbarView.m; sourceTree = "<group>"; };
		92C0C3ED206BBF16005E3170 /* DLUtility.m */ = {isa = PBXFileReference; fileEncoding = 4; lastKnownFileType = sourcecode.c.objc; path = DLUtility.m; sourceTree = "<group>"; };
		92C0C3EE206BBF16005E3170 /* UILabel+IM.m */ = {isa = PBXFileReference; fileEncoding = 4; lastKnownFileType = sourcecode.c.objc; path = "UILabel+IM.m"; sourceTree = "<group>"; };
		92C0C3EF206BBF16005E3170 /* DLCustomSlideView.m */ = {isa = PBXFileReference; fileEncoding = 4; lastKnownFileType = sourcecode.c.objc; path = DLCustomSlideView.m; sourceTree = "<group>"; };
		92C0C3F0206BBF16005E3170 /* DLSlideView.m */ = {isa = PBXFileReference; fileEncoding = 4; lastKnownFileType = sourcecode.c.objc; path = DLSlideView.m; sourceTree = "<group>"; };
		92C0C3FC206BBF1B005E3170 /* GFRangeDao.h */ = {isa = PBXFileReference; fileEncoding = 4; lastKnownFileType = sourcecode.c.h; path = GFRangeDao.h; sourceTree = "<group>"; };
		92C0C3FD206BBF1B005E3170 /* GFButton.m */ = {isa = PBXFileReference; fileEncoding = 4; lastKnownFileType = sourcecode.c.objc; path = GFButton.m; sourceTree = "<group>"; };
		92C0C3FE206BBF1B005E3170 /* GFTypePickerView.h */ = {isa = PBXFileReference; fileEncoding = 4; lastKnownFileType = sourcecode.c.h; path = GFTypePickerView.h; sourceTree = "<group>"; };
		92C0C3FF206BBF1B005E3170 /* GFRangeVo.m */ = {isa = PBXFileReference; fileEncoding = 4; lastKnownFileType = sourcecode.c.objc; path = GFRangeVo.m; sourceTree = "<group>"; };
		92C0C400206BBF1B005E3170 /* UIBarButtonItem+GFNavigation.m */ = {isa = PBXFileReference; fileEncoding = 4; lastKnownFileType = sourcecode.c.objc; path = "UIBarButtonItem+GFNavigation.m"; sourceTree = "<group>"; };
		92C0C401206BBF1B005E3170 /* GFRangeDao.m */ = {isa = PBXFileReference; fileEncoding = 4; lastKnownFileType = sourcecode.c.objc; path = GFRangeDao.m; sourceTree = "<group>"; };
		92C0C402206BBF1B005E3170 /* GFTypePickerView.m */ = {isa = PBXFileReference; fileEncoding = 4; lastKnownFileType = sourcecode.c.objc; path = GFTypePickerView.m; sourceTree = "<group>"; };
		92C0C403206BBF1B005E3170 /* GFButton.h */ = {isa = PBXFileReference; fileEncoding = 4; lastKnownFileType = sourcecode.c.h; path = GFButton.h; sourceTree = "<group>"; };
		92C0C404206BBF1B005E3170 /* UIBarButtonItem+GFNavigation.h */ = {isa = PBXFileReference; fileEncoding = 4; lastKnownFileType = sourcecode.c.h; path = "UIBarButtonItem+GFNavigation.h"; sourceTree = "<group>"; };
		92C0C405206BBF1B005E3170 /* GFRangeVo.h */ = {isa = PBXFileReference; fileEncoding = 4; lastKnownFileType = sourcecode.c.h; path = GFRangeVo.h; sourceTree = "<group>"; };
		92E0E95F2068825B00DB2172 /* CCCycleScrollView.h */ = {isa = PBXFileReference; fileEncoding = 4; lastKnownFileType = sourcecode.c.h; path = CCCycleScrollView.h; sourceTree = "<group>"; };
		92E0E9602068825B00DB2172 /* CCCycleScrollView.m */ = {isa = PBXFileReference; fileEncoding = 4; lastKnownFileType = sourcecode.c.objc; path = CCCycleScrollView.m; sourceTree = "<group>"; };
		92E0E96220688EEA00DB2172 /* UIViewController+GFAlert.h */ = {isa = PBXFileReference; fileEncoding = 4; lastKnownFileType = sourcecode.c.h; path = "UIViewController+GFAlert.h"; sourceTree = "<group>"; };
		92E0E96320688EEA00DB2172 /* UIViewController+GFAlert.m */ = {isa = PBXFileReference; fileEncoding = 4; lastKnownFileType = sourcecode.c.objc; path = "UIViewController+GFAlert.m"; sourceTree = "<group>"; };
		92E0E9672068DB3B00DB2172 /* ShareController.h */ = {isa = PBXFileReference; lastKnownFileType = sourcecode.c.h; path = ShareController.h; sourceTree = "<group>"; };
		92E0E9682068DB4700DB2172 /* ShareController.m */ = {isa = PBXFileReference; lastKnownFileType = sourcecode.c.objc; path = ShareController.m; sourceTree = "<group>"; };
		92E0E96A2068DCB800DB2172 /* AboutUsController.h */ = {isa = PBXFileReference; lastKnownFileType = sourcecode.c.h; path = AboutUsController.h; sourceTree = "<group>"; };
		92E0E96B2068DCB800DB2172 /* AboutUsController.m */ = {isa = PBXFileReference; lastKnownFileType = sourcecode.c.objc; path = AboutUsController.m; sourceTree = "<group>"; };
		92EA7F36206BC4EC005D2668 /* UIButton+GFButton.h */ = {isa = PBXFileReference; fileEncoding = 4; lastKnownFileType = sourcecode.c.h; path = "UIButton+GFButton.h"; sourceTree = "<group>"; };
		92EA7F37206BC4ED005D2668 /* UIButton+GFButton.m */ = {isa = PBXFileReference; fileEncoding = 4; lastKnownFileType = sourcecode.c.objc; path = "UIButton+GFButton.m"; sourceTree = "<group>"; };
		92EA7F39206BC65C005D2668 /* UIImageView+HTC.h */ = {isa = PBXFileReference; fileEncoding = 4; lastKnownFileType = sourcecode.c.h; path = "UIImageView+HTC.h"; sourceTree = "<group>"; };
		92EA7F3A206BC65D005D2668 /* UIImageView+HTC.m */ = {isa = PBXFileReference; fileEncoding = 4; lastKnownFileType = sourcecode.c.objc; path = "UIImageView+HTC.m"; sourceTree = "<group>"; };
		92EA7F3C206BCA2F005D2668 /* db_image_code.sqlite */ = {isa = PBXFileReference; lastKnownFileType = file; path = db_image_code.sqlite; sourceTree = "<group>"; };
		92EA7F3D206BCA30005D2668 /* db_range.sqlite */ = {isa = PBXFileReference; lastKnownFileType = file; path = db_range.sqlite; sourceTree = "<group>"; };
		92EA7F42206BE7A0005D2668 /* GFImageCodeViewController.m */ = {isa = PBXFileReference; fileEncoding = 4; lastKnownFileType = sourcecode.c.objc; path = GFImageCodeViewController.m; sourceTree = "<group>"; };
		92EA7F43206BE7A0005D2668 /* GFImageCodeViewController.h */ = {isa = PBXFileReference; fileEncoding = 4; lastKnownFileType = sourcecode.c.h; path = GFImageCodeViewController.h; sourceTree = "<group>"; };
		92EA7F45206BE7D7005D2668 /* GFImageCodeVo.h */ = {isa = PBXFileReference; fileEncoding = 4; lastKnownFileType = sourcecode.c.h; path = GFImageCodeVo.h; sourceTree = "<group>"; };
		92EA7F46206BE7D7005D2668 /* GFImageCodeVo.m */ = {isa = PBXFileReference; fileEncoding = 4; lastKnownFileType = sourcecode.c.objc; path = GFImageCodeVo.m; sourceTree = "<group>"; };
		92EA7F48206BE885005D2668 /* GFImageCodeDao.h */ = {isa = PBXFileReference; fileEncoding = 4; lastKnownFileType = sourcecode.c.h; path = GFImageCodeDao.h; sourceTree = "<group>"; };
		92EA7F49206BE886005D2668 /* GFImageCodeDao.m */ = {isa = PBXFileReference; fileEncoding = 4; lastKnownFileType = sourcecode.c.objc; path = GFImageCodeDao.m; sourceTree = "<group>"; };
		92F168DC2068FDAC0001CBAD /* SetUpController.h */ = {isa = PBXFileReference; lastKnownFileType = sourcecode.c.h; path = SetUpController.h; sourceTree = "<group>"; };
		92F168DD2068FDAC0001CBAD /* SetUpController.m */ = {isa = PBXFileReference; lastKnownFileType = sourcecode.c.objc; path = SetUpController.m; sourceTree = "<group>"; };
		92F168DF206948B10001CBAD /* MyFavoriteController.m */ = {isa = PBXFileReference; lastKnownFileType = sourcecode.c.objc; path = MyFavoriteController.m; sourceTree = "<group>"; };
		92F168E0206948B10001CBAD /* MyFavoriteController.h */ = {isa = PBXFileReference; lastKnownFileType = sourcecode.c.h; path = MyFavoriteController.h; sourceTree = "<group>"; };
		92F168E2206948B90001CBAD /* AdviceController.h */ = {isa = PBXFileReference; lastKnownFileType = sourcecode.c.h; path = AdviceController.h; sourceTree = "<group>"; };
		92F168E3206948B90001CBAD /* AdviceController.m */ = {isa = PBXFileReference; lastKnownFileType = sourcecode.c.objc; path = AdviceController.m; sourceTree = "<group>"; };
		92F168E5206948BE0001CBAD /* UpdateController.h */ = {isa = PBXFileReference; lastKnownFileType = sourcecode.c.h; path = UpdateController.h; sourceTree = "<group>"; };
		92F168E6206948BE0001CBAD /* UpdateController.m */ = {isa = PBXFileReference; lastKnownFileType = sourcecode.c.objc; path = UpdateController.m; sourceTree = "<group>"; };
		92F168E820694A0C0001CBAD /* StyleTableController.h */ = {isa = PBXFileReference; lastKnownFileType = sourcecode.c.h; path = StyleTableController.h; sourceTree = "<group>"; };
		92F168E920694A0C0001CBAD /* StyleTableController.m */ = {isa = PBXFileReference; lastKnownFileType = sourcecode.c.objc; path = StyleTableController.m; sourceTree = "<group>"; };
		92F168EF206956830001CBAD /* SetUpController.storyboard */ = {isa = PBXFileReference; lastKnownFileType = file.storyboard; path = SetUpController.storyboard; sourceTree = "<group>"; };
		92F168F1206959400001CBAD /* LeftView.xib */ = {isa = PBXFileReference; fileEncoding = 4; lastKnownFileType = file.xib; path = LeftView.xib; sourceTree = "<group>"; };
		AEA97D33DF0F7D6D4C8E3B54 /* Pods-GFTrademarkQueryAPP.release.xcconfig */ = {isa = PBXFileReference; includeInIndex = 1; lastKnownFileType = text.xcconfig; name = "Pods-GFTrademarkQueryAPP.release.xcconfig"; path = "Pods/Target Support Files/Pods-GFTrademarkQueryAPP/Pods-GFTrademarkQueryAPP.release.xcconfig"; sourceTree = "<group>"; };
		AFB23F857D70EFCEC08079C2 /* Pods-GFTrademarkQueryAPPTests.release.xcconfig */ = {isa = PBXFileReference; includeInIndex = 1; lastKnownFileType = text.xcconfig; name = "Pods-GFTrademarkQueryAPPTests.release.xcconfig"; path = "Pods/Target Support Files/Pods-GFTrademarkQueryAPPTests/Pods-GFTrademarkQueryAPPTests.release.xcconfig"; sourceTree = "<group>"; };
		C083621604C23B15E907FF09 /* Pods-GFTrademarkQueryAPP.debug.xcconfig */ = {isa = PBXFileReference; includeInIndex = 1; lastKnownFileType = text.xcconfig; name = "Pods-GFTrademarkQueryAPP.debug.xcconfig"; path = "Pods/Target Support Files/Pods-GFTrademarkQueryAPP/Pods-GFTrademarkQueryAPP.debug.xcconfig"; sourceTree = "<group>"; };
		C3A9978FF160DDF66BCBFDDB /* libPods-GFTrademarkQueryAPP.a */ = {isa = PBXFileReference; explicitFileType = archive.ar; includeInIndex = 0; path = "libPods-GFTrademarkQueryAPP.a"; sourceTree = BUILT_PRODUCTS_DIR; };
/* End PBXFileReference section */

/* Begin PBXFrameworksBuildPhase section */
		926AE8AD2064E35A00FDA8C2 /* Frameworks */ = {
			isa = PBXFrameworksBuildPhase;
			buildActionMask = 2147483647;
			files = (
				2886591D5D307FEA0226E929 /* libPods-GFTrademarkQueryAPP.a in Frameworks */,
			);
			runOnlyForDeploymentPostprocessing = 0;
		};
		926AE8C52064E35A00FDA8C2 /* Frameworks */ = {
			isa = PBXFrameworksBuildPhase;
			buildActionMask = 2147483647;
			files = (
				6F4BD6EC1AB35A3CD32222B3 /* libPods-GFTrademarkQueryAPPTests.a in Frameworks */,
			);
			runOnlyForDeploymentPostprocessing = 0;
		};
		926AE8D02064E35A00FDA8C2 /* Frameworks */ = {
			isa = PBXFrameworksBuildPhase;
			buildActionMask = 2147483647;
			files = (
				631A3B7646E466505692A4FB /* libPods-GFTrademarkQueryAPPUITests.a in Frameworks */,
			);
			runOnlyForDeploymentPostprocessing = 0;
		};
/* End PBXFrameworksBuildPhase section */

/* Begin PBXGroup section */
		3B8F5615C73D7088A573C059 /* Pods */ = {
			isa = PBXGroup;
			children = (
				C083621604C23B15E907FF09 /* Pods-GFTrademarkQueryAPP.debug.xcconfig */,
				AEA97D33DF0F7D6D4C8E3B54 /* Pods-GFTrademarkQueryAPP.release.xcconfig */,
				2DD5F845016CB23F16110E73 /* Pods-GFTrademarkQueryAPPTests.debug.xcconfig */,
				AFB23F857D70EFCEC08079C2 /* Pods-GFTrademarkQueryAPPTests.release.xcconfig */,
				8693E082C7B9C7BF17171525 /* Pods-GFTrademarkQueryAPPUITests.debug.xcconfig */,
				8A3039D53BBCE9C101043E47 /* Pods-GFTrademarkQueryAPPUITests.release.xcconfig */,
			);
			name = Pods;
			sourceTree = "<group>";
		};
		926AE8A72064E35A00FDA8C2 = {
			isa = PBXGroup;
			children = (
				926AE8B22064E35A00FDA8C2 /* GFTrademarkQueryAPP */,
				926AE8CB2064E35A00FDA8C2 /* GFTrademarkQueryAPPTests */,
				926AE8D62064E35A00FDA8C2 /* GFTrademarkQueryAPPUITests */,
				926AE8B12064E35A00FDA8C2 /* Products */,
				3B8F5615C73D7088A573C059 /* Pods */,
				B7D981BCEF8E873CA74AF25E /* Frameworks */,
			);
			sourceTree = "<group>";
		};
		926AE8B12064E35A00FDA8C2 /* Products */ = {
			isa = PBXGroup;
			children = (
				926AE8B02064E35A00FDA8C2 /* GFTrademarkQueryAPP.app */,
				926AE8C82064E35A00FDA8C2 /* GFTrademarkQueryAPPTests.xctest */,
				926AE8D32064E35A00FDA8C2 /* GFTrademarkQueryAPPUITests.xctest */,
			);
			name = Products;
			sourceTree = "<group>";
		};
		926AE8B22064E35A00FDA8C2 /* GFTrademarkQueryAPP */ = {
			isa = PBXGroup;
			children = (
				926AE8B32064E35A00FDA8C2 /* AppDelegate.h */,
				926AE8B42064E35A00FDA8C2 /* AppDelegate.m */,
				926AE9192064EA0300FDA8C2 /* GFBase */,
				926AE8F82064E9F400FDA8C2 /* Controller */,
				926AE8E52064E9F400FDA8C2 /* Category */,
				92C0C399206B6B74005E3170 /* ModelVo */,
				92EA7F41206BE7A0005D2668 /* ChooseImageCode(图形要素) */,
				92C0C3BE206BB723005E3170 /* ChooseCommodityRange(商品范围) */,
				92EA7F3E206BD6E3005D2668 /* Resource */,
				926AE8B92064E35A00FDA8C2 /* Main.storyboard */,
				926AE8BE2064E35A00FDA8C2 /* LaunchScreen.storyboard */,
				926AE8C12064E35A00FDA8C2 /* Info.plist */,
				926AE8C22064E35A00FDA8C2 /* main.m */,
				926AE9282064F31C00FDA8C2 /* PrefixHeader.pch */,
			);
			path = GFTrademarkQueryAPP;
			sourceTree = "<group>";
		};
		926AE8CB2064E35A00FDA8C2 /* GFTrademarkQueryAPPTests */ = {
			isa = PBXGroup;
			children = (
				926AE8CC2064E35A00FDA8C2 /* GFTrademarkQueryAPPTests.m */,
				926AE8CE2064E35A00FDA8C2 /* Info.plist */,
			);
			path = GFTrademarkQueryAPPTests;
			sourceTree = "<group>";
		};
		926AE8D62064E35A00FDA8C2 /* GFTrademarkQueryAPPUITests */ = {
			isa = PBXGroup;
			children = (
				926AE8D72064E35A00FDA8C2 /* GFTrademarkQueryAPPUITests.m */,
				926AE8D92064E35A00FDA8C2 /* Info.plist */,
			);
			path = GFTrademarkQueryAPPUITests;
			sourceTree = "<group>";
		};
		926AE8E52064E9F400FDA8C2 /* Category */ = {
			isa = PBXGroup;
			children = (
				926AE8E62064E9F400FDA8C2 /* UINavigationController+FDFullscreenPopGesture.h */,
				926AE8F12064E9F400FDA8C2 /* UINavigationController+FDFullscreenPopGesture.m */,
				926AE8EA2064E9F400FDA8C2 /* NSObject+SXRuntime.h */,
				926AE8F72064E9F400FDA8C2 /* NSObject+SXRuntime.m */,
				926AE8ED2064E9F400FDA8C2 /* UIBarButtonItem+SXCreate.h */,
				926AE8F52064E9F400FDA8C2 /* UIBarButtonItem+SXCreate.m */,
				926AE8EC2064E9F400FDA8C2 /* UINavigation+SXFixSpace.h */,
				926AE8F42064E9F400FDA8C2 /* UINavigation+SXFixSpace.m */,
				926AE8F62064E9F400FDA8C2 /* UIImage+GFImage.h */,
				926AE8EB2064E9F400FDA8C2 /* UIImage+GFImage.m */,
				926AE8EE2064E9F400FDA8C2 /* UIColor+Expanded.h */,
				926AE8F32064E9F400FDA8C2 /* UIColor+Expanded.m */,
				926AE8E72064E9F400FDA8C2 /* UILabel+GFLabel.h */,
				926AE8F02064E9F400FDA8C2 /* UILabel+GFLabel.m */,
				926AE8E82064E9F400FDA8C2 /* UIView+GF_Frame.h */,
				926AE8EF2064E9F400FDA8C2 /* UIView+GF_Frame.m */,
			);
			path = Category;
			sourceTree = "<group>";
		};
		926AE8F82064E9F400FDA8C2 /* Controller */ = {
			isa = PBXGroup;
			children = (
				926AE8FA2064E9F400FDA8C2 /* GFControlRootController.h */,
				926AE8FD2064E9F400FDA8C2 /* GFControlRootController.m */,
				92E0E9652068C70100DB2172 /* 查询操作 */,
				92E0E95E2068825B00DB2172 /* CCCycleScrollView */,
				926AE9072064E9F400FDA8C2 /* GFTrademarkServiceController.h */,
				926AE8FC2064E9F400FDA8C2 /* GFTrademarkServiceController.m */,
				926AE8FF2064E9F400FDA8C2 /* GFRootUseController.h */,
				926AE8FB2064E9F400FDA8C2 /* GFRootUseController.m */,
				926AE9002064E9F400FDA8C2 /* LeftView */,
			);
			path = Controller;
			sourceTree = "<group>";
		};
		926AE9002064E9F400FDA8C2 /* LeftView */ = {
			isa = PBXGroup;
			children = (
				926AE8FE2064E9F400FDA8C2 /* GFLeftController.h */,
				926AE8F92064E9F400FDA8C2 /* GFLeftController.m */,
				92E0E9662068DAF800DB2172 /* 菜单 */,
				926AE9052064E9F400FDA8C2 /* LeftView.h */,
				926AE9022064E9F400FDA8C2 /* LeftView.m */,
				92F168F1206959400001CBAD /* LeftView.xib */,
				926AE9042064E9F400FDA8C2 /* ListCell.h */,
				926AE9012064E9F400FDA8C2 /* ListCell.m */,
				926AE9032064E9F400FDA8C2 /* ListCell.xib */,
			);
			path = LeftView;
			sourceTree = "<group>";
		};
		926AE9192064EA0300FDA8C2 /* GFBase */ = {
			isa = PBXGroup;
			children = (
				926AE91E2064EA0300FDA8C2 /* GFBasicController.h */,
				926AE91B2064EA0300FDA8C2 /* GFBasicController.m */,
				92C0C393206A392E005E3170 /* GFLeftBasicController.h */,
				92C0C392206A392D005E3170 /* GFLeftBasicController.m */,
				926AE91A2064EA0300FDA8C2 /* GFNavController.h */,
				926AE91F2064EA0300FDA8C2 /* GFNavController.m */,
				926AE91C2064EA0300FDA8C2 /* GFTabbarController.h */,
				926AE91D2064EA0300FDA8C2 /* GFTabbarController.m */,
				92E0E96220688EEA00DB2172 /* UIViewController+GFAlert.h */,
				92E0E96320688EEA00DB2172 /* UIViewController+GFAlert.m */,
				926AE9202064EA0300FDA8C2 /* GFSlide */,
			);
			path = GFBase;
			sourceTree = "<group>";
		};
		926AE9202064EA0300FDA8C2 /* GFSlide */ = {
			isa = PBXGroup;
			children = (
				926AE9222064EA0300FDA8C2 /* GFSlideController.h */,
				926AE9212064EA0300FDA8C2 /* GFSlideController.m */,
			);
			path = GFSlide;
			sourceTree = "<group>";
		};
		92C0C38C206A1F89005E3170 /* StyleResultViewController */ = {
			isa = PBXGroup;
			children = (
				92C0C38B206A1F89005E3170 /* StyleResultViewController.h */,
				92C0C38F206A1F89005E3170 /* StyleResultViewController.m */,
				92C0C38D206A1F89005E3170 /* StyleResultViewControllerCell.h */,
				92C0C38E206A1F89005E3170 /* StyleResultViewControllerCell.m */,
				929D5992206E18E7008977DC /* GFRangeStyleResultVo.h */,
				929D5990206E18E5008977DC /* GFRangeStyleResultVo.m */,
				929D598F206E18E5008977DC /* GFRangeStyleResultDao.h */,
				929D5991206E18E6008977DC /* GFRangeStyleResultDao.m */,
			);
			path = StyleResultViewController;
			sourceTree = "<group>";
		};
		92C0C399206B6B74005E3170 /* ModelVo */ = {
			isa = PBXGroup;
			children = (
				92C0C3B0206B8811005E3170 /* GFBaseDao.h */,
				92C0C3B1206B8812005E3170 /* GFBaseDao.m */,
				92C0C3AE206B86B4005E3170 /* GFTradeDao.h */,
				92C0C3AF206B86B4005E3170 /* GFTradeDao.m */,
				92C0C3A2206B6BDF005E3170 /* GFBaseVo.h */,
				92C0C3A4206B6BDF005E3170 /* GFBaseVo.m */,
				92C0C3A3206B6BDF005E3170 /* GFTradeVo.h */,
				92C0C3A5206B6BE0005E3170 /* GFTradeVo.m */,
				92C0C3A8206B6CBE005E3170 /* GFUserVo.h */,
				92C0C3A9206B6CBE005E3170 /* GFUserVo.m */,
				92C0C3AA206B6CE2005E3170 /* GFDeviceVo.h */,
				92C0C3AB206B6CE3005E3170 /* GFDeviceVo.m */,
			);
			name = ModelVo;
			path = "/Users/wangning/wangning/国方商标/商标分类表查询IOS端APP/GFTrademarkQueryAPP/GFTrademarkQueryAPP/ModelVo";
			sourceTree = "<absolute>";
		};
		92C0C3BE206BB723005E3170 /* ChooseCommodityRange(商品范围) */ = {
			isa = PBXGroup;
			children = (
				92C0C3C0206BB723005E3170 /* GFRangeRootViewController.h */,
				92C0C3C3206BB723005E3170 /* GFRangeRootViewController.m */,
				92C0C3C6206BB723005E3170 /* GFRangeFirstViewController.h */,
				92C0C3C2206BB723005E3170 /* GFRangeFirstViewController.m */,
				92C0C3C1206BB723005E3170 /* GFRangeSecondViewController.h */,
				92C0C3C5206BB723005E3170 /* GFRangeSecondViewController.m */,
				92C0C3C4206BB723005E3170 /* GFRangeSearchViewController.h */,
				92C0C3BF206BB723005E3170 /* GFRangeSearchViewController.m */,
				92C0C3FB206BBF1B005E3170 /* View */,
				92C0C3D8206BBF15005E3170 /* DLSlideView */,
			);
			path = "ChooseCommodityRange(商品范围)";
			sourceTree = "<group>";
		};
		92C0C3D8206BBF15005E3170 /* DLSlideView */ = {
			isa = PBXGroup;
			children = (
				92C0C3D9206BBF15005E3170 /* DLTabedSlideView.h */,
				92C0C3DA206BBF16005E3170 /* NSString+RegularExpression.h */,
				92C0C3DB206BBF16005E3170 /* UIColor+IM.m */,
				92C0C3DC206BBF16005E3170 /* DLCache */,
				92C0C3E0206BBF16005E3170 /* DLUtility.h */,
				92C0C3E1206BBF16005E3170 /* UILabel+IM.h */,
				92C0C3E2206BBF16005E3170 /* DLSlideView.h */,
				92C0C3E3206BBF16005E3170 /* DLCustomSlideView.h */,
				92C0C3E4206BBF16005E3170 /* UIColor+IM.h */,
				92C0C3E5206BBF16005E3170 /* NSString+RegularExpression.m */,
				92C0C3E6206BBF16005E3170 /* DLTabedSlideView.m */,
				92C0C3E7206BBF16005E3170 /* DLTabbarView */,
				92C0C3ED206BBF16005E3170 /* DLUtility.m */,
				92C0C3EE206BBF16005E3170 /* UILabel+IM.m */,
				92C0C3EF206BBF16005E3170 /* DLCustomSlideView.m */,
				92C0C3F0206BBF16005E3170 /* DLSlideView.m */,
			);
			path = DLSlideView;
			sourceTree = "<group>";
		};
		92C0C3DC206BBF16005E3170 /* DLCache */ = {
			isa = PBXGroup;
			children = (
				92C0C3DD206BBF16005E3170 /* DLLRUCache.m */,
				92C0C3DE206BBF16005E3170 /* DLCacheProtocol.h */,
				92C0C3DF206BBF16005E3170 /* DLLRUCache.h */,
			);
			path = DLCache;
			sourceTree = "<group>";
		};
		92C0C3E7206BBF16005E3170 /* DLTabbarView */ = {
			isa = PBXGroup;
			children = (
				92C0C3E8206BBF16005E3170 /* DLSlideTabbarProtocol.h */,
				92C0C3E9206BBF16005E3170 /* DLScrollTabbarView.h */,
				92C0C3EA206BBF16005E3170 /* DLFixedTabbarView.h */,
				92C0C3EB206BBF16005E3170 /* DLScrollTabbarView.m */,
				92C0C3EC206BBF16005E3170 /* DLFixedTabbarView.m */,
			);
			path = DLTabbarView;
			sourceTree = "<group>";
		};
		92C0C3FB206BBF1B005E3170 /* View */ = {
			isa = PBXGroup;
			children = (
				92EA7F39206BC65C005D2668 /* UIImageView+HTC.h */,
				92EA7F3A206BC65D005D2668 /* UIImageView+HTC.m */,
				92EA7F36206BC4EC005D2668 /* UIButton+GFButton.h */,
				92EA7F37206BC4ED005D2668 /* UIButton+GFButton.m */,
				92C0C403206BBF1B005E3170 /* GFButton.h */,
				92C0C3FD206BBF1B005E3170 /* GFButton.m */,
				92C0C405206BBF1B005E3170 /* GFRangeVo.h */,
				92C0C3FF206BBF1B005E3170 /* GFRangeVo.m */,
				92C0C3FC206BBF1B005E3170 /* GFRangeDao.h */,
				92C0C401206BBF1B005E3170 /* GFRangeDao.m */,
				92C0C404206BBF1B005E3170 /* UIBarButtonItem+GFNavigation.h */,
				92C0C400206BBF1B005E3170 /* UIBarButtonItem+GFNavigation.m */,
				92C0C3FE206BBF1B005E3170 /* GFTypePickerView.h */,
				92C0C402206BBF1B005E3170 /* GFTypePickerView.m */,
			);
			path = View;
			sourceTree = "<group>";
		};
		92E0E95E2068825B00DB2172 /* CCCycleScrollView */ = {
			isa = PBXGroup;
			children = (
				92E0E95F2068825B00DB2172 /* CCCycleScrollView.h */,
				92E0E9602068825B00DB2172 /* CCCycleScrollView.m */,
			);
			path = CCCycleScrollView;
			sourceTree = "<group>";
		};
		92E0E9652068C70100DB2172 /* 查询操作 */ = {
			isa = PBXGroup;
			children = (
				929D59962071BF1D008977DC /* ImageCodeResultViewController.h */,
				929D59952071BF1D008977DC /* ImageCodeResultViewController.m */,
				92C0C38C206A1F89005E3170 /* StyleResultViewController */,
				92F168E820694A0C0001CBAD /* StyleTableController.h */,
				92F168E920694A0C0001CBAD /* StyleTableController.m */,
			);
			path = "查询操作";
			sourceTree = "<group>";
		};
		92E0E9662068DAF800DB2172 /* 菜单 */ = {
			isa = PBXGroup;
			children = (
				92C0C3882069F8EB005E3170 /* MyInformationController.h */,
				92C0C3892069F8EC005E3170 /* MyInformationController.m */,
				92F168E0206948B10001CBAD /* MyFavoriteController.h */,
				92F168DF206948B10001CBAD /* MyFavoriteController.m */,
				92E0E9672068DB3B00DB2172 /* ShareController.h */,
				92E0E9682068DB4700DB2172 /* ShareController.m */,
				92F168E2206948B90001CBAD /* AdviceController.h */,
				92F168E3206948B90001CBAD /* AdviceController.m */,
				92F168E5206948BE0001CBAD /* UpdateController.h */,
				92F168E6206948BE0001CBAD /* UpdateController.m */,
				92F168DC2068FDAC0001CBAD /* SetUpController.h */,
				92F168DD2068FDAC0001CBAD /* SetUpController.m */,
				92F168EF206956830001CBAD /* SetUpController.storyboard */,
				92E0E96A2068DCB800DB2172 /* AboutUsController.h */,
				92E0E96B2068DCB800DB2172 /* AboutUsController.m */,
			);
			path = "菜单";
			sourceTree = "<group>";
		};
		92EA7F3E206BD6E3005D2668 /* Resource */ = {
			isa = PBXGroup;
			children = (
				926AE8BC2064E35A00FDA8C2 /* Assets.xcassets */,
				92347FDE2079A9B10098BF30 /* db_range2.sqlite */,
				92347FDD2079A5E70098BF30 /* niceclass_2018_detail.sqlite */,
				92EA7F3C206BCA2F005D2668 /* db_image_code.sqlite */,
				92EA7F3D206BCA30005D2668 /* db_range.sqlite */,
			);
			path = Resource;
			sourceTree = "<group>";
		};
		92EA7F41206BE7A0005D2668 /* ChooseImageCode(图形要素) */ = {
			isa = PBXGroup;
			children = (
				92EA7F43206BE7A0005D2668 /* GFImageCodeViewController.h */,
				92EA7F42206BE7A0005D2668 /* GFImageCodeViewController.m */,
				92EA7F45206BE7D7005D2668 /* GFImageCodeVo.h */,
				92EA7F46206BE7D7005D2668 /* GFImageCodeVo.m */,
				92EA7F48206BE885005D2668 /* GFImageCodeDao.h */,
				92EA7F49206BE886005D2668 /* GFImageCodeDao.m */,
			);
			path = "ChooseImageCode(图形要素)";
			sourceTree = "<group>";
		};
		B7D981BCEF8E873CA74AF25E /* Frameworks */ = {
			isa = PBXGroup;
			children = (
				C3A9978FF160DDF66BCBFDDB /* libPods-GFTrademarkQueryAPP.a */,
				2093A7B3F797E4FB0DCB710E /* libPods-GFTrademarkQueryAPPTests.a */,
				8A704AE11FB726513C526F54 /* libPods-GFTrademarkQueryAPPUITests.a */,
			);
			name = Frameworks;
			sourceTree = "<group>";
		};
/* End PBXGroup section */

/* Begin PBXNativeTarget section */
		926AE8AF2064E35A00FDA8C2 /* GFTrademarkQueryAPP */ = {
			isa = PBXNativeTarget;
			buildConfigurationList = 926AE8DC2064E35A00FDA8C2 /* Build configuration list for PBXNativeTarget "GFTrademarkQueryAPP" */;
			buildPhases = (
				DD93F19C9FAC23447E153060 /* [CP] Check Pods Manifest.lock */,
				926AE8AC2064E35A00FDA8C2 /* Sources */,
				926AE8AD2064E35A00FDA8C2 /* Frameworks */,
				926AE8AE2064E35A00FDA8C2 /* Resources */,
				BCC0DFFC3E9795B9D3957764 /* [CP] Embed Pods Frameworks */,
				AC00F168EB8FD36B8F865AA7 /* [CP] Copy Pods Resources */,
			);
			buildRules = (
			);
			dependencies = (
			);
			name = GFTrademarkQueryAPP;
			productName = GFTrademarkQueryAPP;
			productReference = 926AE8B02064E35A00FDA8C2 /* GFTrademarkQueryAPP.app */;
			productType = "com.apple.product-type.application";
		};
		926AE8C72064E35A00FDA8C2 /* GFTrademarkQueryAPPTests */ = {
			isa = PBXNativeTarget;
			buildConfigurationList = 926AE8DF2064E35A00FDA8C2 /* Build configuration list for PBXNativeTarget "GFTrademarkQueryAPPTests" */;
			buildPhases = (
				C6F5E1432884EA6600FC7C47 /* [CP] Check Pods Manifest.lock */,
				926AE8C42064E35A00FDA8C2 /* Sources */,
				926AE8C52064E35A00FDA8C2 /* Frameworks */,
				926AE8C62064E35A00FDA8C2 /* Resources */,
				145879877C1BA6E739082317 /* [CP] Embed Pods Frameworks */,
				6F8C1649671989730E239E4E /* [CP] Copy Pods Resources */,
			);
			buildRules = (
			);
			dependencies = (
				926AE8CA2064E35A00FDA8C2 /* PBXTargetDependency */,
			);
			name = GFTrademarkQueryAPPTests;
			productName = GFTrademarkQueryAPPTests;
			productReference = 926AE8C82064E35A00FDA8C2 /* GFTrademarkQueryAPPTests.xctest */;
			productType = "com.apple.product-type.bundle.unit-test";
		};
		926AE8D22064E35A00FDA8C2 /* GFTrademarkQueryAPPUITests */ = {
			isa = PBXNativeTarget;
			buildConfigurationList = 926AE8E22064E35A00FDA8C2 /* Build configuration list for PBXNativeTarget "GFTrademarkQueryAPPUITests" */;
			buildPhases = (
				C8D7804A16DDD435C74BEE03 /* [CP] Check Pods Manifest.lock */,
				926AE8CF2064E35A00FDA8C2 /* Sources */,
				926AE8D02064E35A00FDA8C2 /* Frameworks */,
				926AE8D12064E35A00FDA8C2 /* Resources */,
				BEFE52255749DA623D520BDE /* [CP] Embed Pods Frameworks */,
				876553308E49C7BB03831F90 /* [CP] Copy Pods Resources */,
			);
			buildRules = (
			);
			dependencies = (
				926AE8D52064E35A00FDA8C2 /* PBXTargetDependency */,
			);
			name = GFTrademarkQueryAPPUITests;
			productName = GFTrademarkQueryAPPUITests;
			productReference = 926AE8D32064E35A00FDA8C2 /* GFTrademarkQueryAPPUITests.xctest */;
			productType = "com.apple.product-type.bundle.ui-testing";
		};
/* End PBXNativeTarget section */

/* Begin PBXProject section */
		926AE8A82064E35A00FDA8C2 /* Project object */ = {
			isa = PBXProject;
			attributes = {
				LastUpgradeCheck = 0920;
				ORGANIZATIONNAME = "王宁";
				TargetAttributes = {
					926AE8AF2064E35A00FDA8C2 = {
						CreatedOnToolsVersion = 9.2;
						ProvisioningStyle = Automatic;
					};
					926AE8C72064E35A00FDA8C2 = {
						CreatedOnToolsVersion = 9.2;
						ProvisioningStyle = Automatic;
						TestTargetID = 926AE8AF2064E35A00FDA8C2;
					};
					926AE8D22064E35A00FDA8C2 = {
						CreatedOnToolsVersion = 9.2;
						ProvisioningStyle = Automatic;
						TestTargetID = 926AE8AF2064E35A00FDA8C2;
					};
				};
			};
			buildConfigurationList = 926AE8AB2064E35A00FDA8C2 /* Build configuration list for PBXProject "GFTrademarkQueryAPP" */;
			compatibilityVersion = "Xcode 8.0";
			developmentRegion = en;
			hasScannedForEncodings = 0;
			knownRegions = (
				en,
				Base,
			);
			mainGroup = 926AE8A72064E35A00FDA8C2;
			productRefGroup = 926AE8B12064E35A00FDA8C2 /* Products */;
			projectDirPath = "";
			projectRoot = "";
			targets = (
				926AE8AF2064E35A00FDA8C2 /* GFTrademarkQueryAPP */,
				926AE8C72064E35A00FDA8C2 /* GFTrademarkQueryAPPTests */,
				926AE8D22064E35A00FDA8C2 /* GFTrademarkQueryAPPUITests */,
			);
		};
/* End PBXProject section */

/* Begin PBXResourcesBuildPhase section */
		926AE8AE2064E35A00FDA8C2 /* Resources */ = {
			isa = PBXResourcesBuildPhase;
			buildActionMask = 2147483647;
			files = (
				92347FDF2079AA230098BF30 /* db_range2.sqlite in Resources */,
				92347FE02079AA230098BF30 /* niceclass_2018_detail.sqlite in Resources */,
				926AE8C02064E35A00FDA8C2 /* LaunchScreen.storyboard in Resources */,
				92F168F2206959400001CBAD /* LeftView.xib in Resources */,
				926AE9172064E9F400FDA8C2 /* ListCell.xib in Resources */,
				926AE8BD2064E35A00FDA8C2 /* Assets.xcassets in Resources */,
				926AE8BB2064E35A00FDA8C2 /* Main.storyboard in Resources */,
				92EA7F3F206BD756005D2668 /* db_range.sqlite in Resources */,
				92EA7F40206BD758005D2668 /* db_image_code.sqlite in Resources */,
				92F168F0206956840001CBAD /* SetUpController.storyboard in Resources */,
			);
			runOnlyForDeploymentPostprocessing = 0;
		};
		926AE8C62064E35A00FDA8C2 /* Resources */ = {
			isa = PBXResourcesBuildPhase;
			buildActionMask = 2147483647;
			files = (
			);
			runOnlyForDeploymentPostprocessing = 0;
		};
		926AE8D12064E35A00FDA8C2 /* Resources */ = {
			isa = PBXResourcesBuildPhase;
			buildActionMask = 2147483647;
			files = (
			);
			runOnlyForDeploymentPostprocessing = 0;
		};
/* End PBXResourcesBuildPhase section */

/* Begin PBXShellScriptBuildPhase section */
		145879877C1BA6E739082317 /* [CP] Embed Pods Frameworks */ = {
			isa = PBXShellScriptBuildPhase;
			buildActionMask = 2147483647;
			files = (
			);
			inputPaths = (
			);
			name = "[CP] Embed Pods Frameworks";
			outputPaths = (
			);
			runOnlyForDeploymentPostprocessing = 0;
			shellPath = /bin/sh;
			shellScript = "\"${SRCROOT}/Pods/Target Support Files/Pods-GFTrademarkQueryAPPTests/Pods-GFTrademarkQueryAPPTests-frameworks.sh\"\n";
			showEnvVarsInLog = 0;
		};
		6F8C1649671989730E239E4E /* [CP] Copy Pods Resources */ = {
			isa = PBXShellScriptBuildPhase;
			buildActionMask = 2147483647;
			files = (
			);
			inputPaths = (
			);
			name = "[CP] Copy Pods Resources";
			outputPaths = (
			);
			runOnlyForDeploymentPostprocessing = 0;
			shellPath = /bin/sh;
			shellScript = "\"${SRCROOT}/Pods/Target Support Files/Pods-GFTrademarkQueryAPPTests/Pods-GFTrademarkQueryAPPTests-resources.sh\"\n";
			showEnvVarsInLog = 0;
		};
		876553308E49C7BB03831F90 /* [CP] Copy Pods Resources */ = {
			isa = PBXShellScriptBuildPhase;
			buildActionMask = 2147483647;
			files = (
			);
			inputPaths = (
			);
			name = "[CP] Copy Pods Resources";
			outputPaths = (
			);
			runOnlyForDeploymentPostprocessing = 0;
			shellPath = /bin/sh;
			shellScript = "\"${SRCROOT}/Pods/Target Support Files/Pods-GFTrademarkQueryAPPUITests/Pods-GFTrademarkQueryAPPUITests-resources.sh\"\n";
			showEnvVarsInLog = 0;
		};
		AC00F168EB8FD36B8F865AA7 /* [CP] Copy Pods Resources */ = {
			isa = PBXShellScriptBuildPhase;
			buildActionMask = 2147483647;
			files = (
			);
			inputPaths = (
				"${SRCROOT}/Pods/Target Support Files/Pods-GFTrademarkQueryAPP/Pods-GFTrademarkQueryAPP-resources.sh",
				"${PODS_ROOT}/MJRefresh/MJRefresh/MJRefresh.bundle",
				"${PODS_ROOT}/SVProgressHUD/SVProgressHUD/SVProgressHUD.bundle",
			);
			name = "[CP] Copy Pods Resources";
			outputPaths = (
				"${TARGET_BUILD_DIR}/${UNLOCALIZED_RESOURCES_FOLDER_PATH}/MJRefresh.bundle",
				"${TARGET_BUILD_DIR}/${UNLOCALIZED_RESOURCES_FOLDER_PATH}/SVProgressHUD.bundle",
			);
			runOnlyForDeploymentPostprocessing = 0;
			shellPath = /bin/sh;
			shellScript = "\"${SRCROOT}/Pods/Target Support Files/Pods-GFTrademarkQueryAPP/Pods-GFTrademarkQueryAPP-resources.sh\"\n";
			showEnvVarsInLog = 0;
		};
		BCC0DFFC3E9795B9D3957764 /* [CP] Embed Pods Frameworks */ = {
			isa = PBXShellScriptBuildPhase;
			buildActionMask = 2147483647;
			files = (
			);
			inputPaths = (
			);
			name = "[CP] Embed Pods Frameworks";
			outputPaths = (
			);
			runOnlyForDeploymentPostprocessing = 0;
			shellPath = /bin/sh;
			shellScript = "\"${SRCROOT}/Pods/Target Support Files/Pods-GFTrademarkQueryAPP/Pods-GFTrademarkQueryAPP-frameworks.sh\"\n";
			showEnvVarsInLog = 0;
		};
		BEFE52255749DA623D520BDE /* [CP] Embed Pods Frameworks */ = {
			isa = PBXShellScriptBuildPhase;
			buildActionMask = 2147483647;
			files = (
			);
			inputPaths = (
			);
			name = "[CP] Embed Pods Frameworks";
			outputPaths = (
			);
			runOnlyForDeploymentPostprocessing = 0;
			shellPath = /bin/sh;
			shellScript = "\"${SRCROOT}/Pods/Target Support Files/Pods-GFTrademarkQueryAPPUITests/Pods-GFTrademarkQueryAPPUITests-frameworks.sh\"\n";
			showEnvVarsInLog = 0;
		};
		C6F5E1432884EA6600FC7C47 /* [CP] Check Pods Manifest.lock */ = {
			isa = PBXShellScriptBuildPhase;
			buildActionMask = 2147483647;
			files = (
			);
			inputPaths = (
				"${PODS_PODFILE_DIR_PATH}/Podfile.lock",
				"${PODS_ROOT}/Manifest.lock",
			);
			name = "[CP] Check Pods Manifest.lock";
			outputPaths = (
				"$(DERIVED_FILE_DIR)/Pods-GFTrademarkQueryAPPTests-checkManifestLockResult.txt",
			);
			runOnlyForDeploymentPostprocessing = 0;
			shellPath = /bin/sh;
			shellScript = "diff \"${PODS_PODFILE_DIR_PATH}/Podfile.lock\" \"${PODS_ROOT}/Manifest.lock\" > /dev/null\nif [ $? != 0 ] ; then\n    # print error to STDERR\n    echo \"error: The sandbox is not in sync with the Podfile.lock. Run 'pod install' or update your CocoaPods installation.\" >&2\n    exit 1\nfi\n# This output is used by Xcode 'outputs' to avoid re-running this script phase.\necho \"SUCCESS\" > \"${SCRIPT_OUTPUT_FILE_0}\"\n";
			showEnvVarsInLog = 0;
		};
		C8D7804A16DDD435C74BEE03 /* [CP] Check Pods Manifest.lock */ = {
			isa = PBXShellScriptBuildPhase;
			buildActionMask = 2147483647;
			files = (
			);
			inputPaths = (
				"${PODS_PODFILE_DIR_PATH}/Podfile.lock",
				"${PODS_ROOT}/Manifest.lock",
			);
			name = "[CP] Check Pods Manifest.lock";
			outputPaths = (
				"$(DERIVED_FILE_DIR)/Pods-GFTrademarkQueryAPPUITests-checkManifestLockResult.txt",
			);
			runOnlyForDeploymentPostprocessing = 0;
			shellPath = /bin/sh;
			shellScript = "diff \"${PODS_PODFILE_DIR_PATH}/Podfile.lock\" \"${PODS_ROOT}/Manifest.lock\" > /dev/null\nif [ $? != 0 ] ; then\n    # print error to STDERR\n    echo \"error: The sandbox is not in sync with the Podfile.lock. Run 'pod install' or update your CocoaPods installation.\" >&2\n    exit 1\nfi\n# This output is used by Xcode 'outputs' to avoid re-running this script phase.\necho \"SUCCESS\" > \"${SCRIPT_OUTPUT_FILE_0}\"\n";
			showEnvVarsInLog = 0;
		};
		DD93F19C9FAC23447E153060 /* [CP] Check Pods Manifest.lock */ = {
			isa = PBXShellScriptBuildPhase;
			buildActionMask = 2147483647;
			files = (
			);
			inputPaths = (
				"${PODS_PODFILE_DIR_PATH}/Podfile.lock",
				"${PODS_ROOT}/Manifest.lock",
			);
			name = "[CP] Check Pods Manifest.lock";
			outputPaths = (
				"$(DERIVED_FILE_DIR)/Pods-GFTrademarkQueryAPP-checkManifestLockResult.txt",
			);
			runOnlyForDeploymentPostprocessing = 0;
			shellPath = /bin/sh;
			shellScript = "diff \"${PODS_PODFILE_DIR_PATH}/Podfile.lock\" \"${PODS_ROOT}/Manifest.lock\" > /dev/null\nif [ $? != 0 ] ; then\n    # print error to STDERR\n    echo \"error: The sandbox is not in sync with the Podfile.lock. Run 'pod install' or update your CocoaPods installation.\" >&2\n    exit 1\nfi\n# This output is used by Xcode 'outputs' to avoid re-running this script phase.\necho \"SUCCESS\" > \"${SCRIPT_OUTPUT_FILE_0}\"\n";
			showEnvVarsInLog = 0;
		};
/* End PBXShellScriptBuildPhase section */

/* Begin PBXSourcesBuildPhase section */
		926AE8AC2064E35A00FDA8C2 /* Sources */ = {
			isa = PBXSourcesBuildPhase;
			buildActionMask = 2147483647;
			files = (
				92EA7F47206BE7D8005D2668 /* GFImageCodeVo.m in Sources */,
				92C0C3C9206BB723005E3170 /* GFRangeRootViewController.m in Sources */,
				92C0C3B8206B9E2C005E3170 /* GFBaseVo.m in Sources */,
				92EA7F4A206BE886005D2668 /* GFImageCodeDao.m in Sources */,
				92C0C3F8206BBF16005E3170 /* UILabel+IM.m in Sources */,
				92C0C3F5206BBF16005E3170 /* DLScrollTabbarView.m in Sources */,
				92C0C3BB206B9E2C005E3170 /* GFUserVo.m in Sources */,
				92C0C3BD206B9E2C005E3170 /* GFDeviceVo.m in Sources */,
				92C0C3B4206B9E17005E3170 /* GFTradeVo.m in Sources */,
				92C0C406206BBF1B005E3170 /* GFButton.m in Sources */,
				926AE90D2064E9F400FDA8C2 /* UIColor+Expanded.m in Sources */,
				92C0C409206BBF1B005E3170 /* GFRangeDao.m in Sources */,
				926AE9142064E9F400FDA8C2 /* GFControlRootController.m in Sources */,
				926AE9102064E9F400FDA8C2 /* NSObject+SXRuntime.m in Sources */,
				92F168DE2068FDAC0001CBAD /* SetUpController.m in Sources */,
				92C0C3F4206BBF16005E3170 /* DLTabedSlideView.m in Sources */,
				92C0C407206BBF1B005E3170 /* GFRangeVo.m in Sources */,
				926AE90E2064E9F400FDA8C2 /* UINavigation+SXFixSpace.m in Sources */,
				926AE9122064E9F400FDA8C2 /* GFRootUseController.m in Sources */,
				929D5994206E18E7008977DC /* GFRangeStyleResultDao.m in Sources */,
				92C0C3F1206BBF16005E3170 /* UIColor+IM.m in Sources */,
				92E0E96420688EEB00DB2172 /* UIViewController+GFAlert.m in Sources */,
				92C0C3FA206BBF16005E3170 /* DLSlideView.m in Sources */,
				926AE9162064E9F400FDA8C2 /* LeftView.m in Sources */,
				92F168E7206948BE0001CBAD /* UpdateController.m in Sources */,
				926AE9252064EA0300FDA8C2 /* GFNavController.m in Sources */,
				92EA7F38206BC4ED005D2668 /* UIButton+GFButton.m in Sources */,
				92C0C3F3206BBF16005E3170 /* NSString+RegularExpression.m in Sources */,
				92C0C390206A1F8A005E3170 /* StyleResultViewControllerCell.m in Sources */,
				926AE90A2064E9F400FDA8C2 /* UILabel+GFLabel.m in Sources */,
				92C0C3F9206BBF16005E3170 /* DLCustomSlideView.m in Sources */,
				926AE9092064E9F400FDA8C2 /* UIView+GF_Frame.m in Sources */,
				926AE9112064E9F400FDA8C2 /* GFLeftController.m in Sources */,
				92C0C3F6206BBF16005E3170 /* DLFixedTabbarView.m in Sources */,
				92F168E1206948B10001CBAD /* MyFavoriteController.m in Sources */,
				92C0C38A2069F8EC005E3170 /* MyInformationController.m in Sources */,
				92C0C3CA206BB723005E3170 /* GFRangeSecondViewController.m in Sources */,
				92EA7F3B206BC65D005D2668 /* UIImageView+HTC.m in Sources */,
				929D5993206E18E7008977DC /* GFRangeStyleResultVo.m in Sources */,
				926AE8C32064E35A00FDA8C2 /* main.m in Sources */,
				92C0C394206A392E005E3170 /* GFLeftBasicController.m in Sources */,
				92C0C3F7206BBF16005E3170 /* DLUtility.m in Sources */,
				92E0E96C2068DCB800DB2172 /* AboutUsController.m in Sources */,
				926AE90F2064E9F400FDA8C2 /* UIBarButtonItem+SXCreate.m in Sources */,
				92C0C3B2206B8FE4005E3170 /* GFTradeDao.m in Sources */,
				92C0C40A206BBF1B005E3170 /* GFTypePickerView.m in Sources */,
				92F168EA20694A0D0001CBAD /* StyleTableController.m in Sources */,
				926AE9262064EA0300FDA8C2 /* GFSlideController.m in Sources */,
				926AE9152064E9F400FDA8C2 /* ListCell.m in Sources */,
				92E0E9692068DB4700DB2172 /* ShareController.m in Sources */,
				92E0E9612068825B00DB2172 /* CCCycleScrollView.m in Sources */,
				92C0C3C8206BB723005E3170 /* GFRangeFirstViewController.m in Sources */,
				92C0C3F2206BBF16005E3170 /* DLLRUCache.m in Sources */,
				926AE8B52064E35A00FDA8C2 /* AppDelegate.m in Sources */,
				926AE9242064EA0300FDA8C2 /* GFTabbarController.m in Sources */,
				926AE9132064E9F400FDA8C2 /* GFTrademarkServiceController.m in Sources */,
				92C0C3B3206B8FE4005E3170 /* GFBaseDao.m in Sources */,
				92C0C391206A1F8A005E3170 /* StyleResultViewController.m in Sources */,
				929D59972071BF1E008977DC /* ImageCodeResultViewController.m in Sources */,
				92F168E4206948B90001CBAD /* AdviceController.m in Sources */,
				92C0C3C7206BB723005E3170 /* GFRangeSearchViewController.m in Sources */,
				92EA7F44206BE7A1005D2668 /* GFImageCodeViewController.m in Sources */,
				926AE90B2064E9F400FDA8C2 /* UINavigationController+FDFullscreenPopGesture.m in Sources */,
				92C0C408206BBF1B005E3170 /* UIBarButtonItem+GFNavigation.m in Sources */,
				926AE9082064E9F400FDA8C2 /* UIImage+GFImage.m in Sources */,
				926AE9232064EA0300FDA8C2 /* GFBasicController.m in Sources */,
			);
			runOnlyForDeploymentPostprocessing = 0;
		};
		926AE8C42064E35A00FDA8C2 /* Sources */ = {
			isa = PBXSourcesBuildPhase;
			buildActionMask = 2147483647;
			files = (
				926AE8CD2064E35A00FDA8C2 /* GFTrademarkQueryAPPTests.m in Sources */,
			);
			runOnlyForDeploymentPostprocessing = 0;
		};
		926AE8CF2064E35A00FDA8C2 /* Sources */ = {
			isa = PBXSourcesBuildPhase;
			buildActionMask = 2147483647;
			files = (
				926AE8D82064E35A00FDA8C2 /* GFTrademarkQueryAPPUITests.m in Sources */,
			);
			runOnlyForDeploymentPostprocessing = 0;
		};
/* End PBXSourcesBuildPhase section */

/* Begin PBXTargetDependency section */
		926AE8CA2064E35A00FDA8C2 /* PBXTargetDependency */ = {
			isa = PBXTargetDependency;
			target = 926AE8AF2064E35A00FDA8C2 /* GFTrademarkQueryAPP */;
			targetProxy = 926AE8C92064E35A00FDA8C2 /* PBXContainerItemProxy */;
		};
		926AE8D52064E35A00FDA8C2 /* PBXTargetDependency */ = {
			isa = PBXTargetDependency;
			target = 926AE8AF2064E35A00FDA8C2 /* GFTrademarkQueryAPP */;
			targetProxy = 926AE8D42064E35A00FDA8C2 /* PBXContainerItemProxy */;
		};
/* End PBXTargetDependency section */

/* Begin PBXVariantGroup section */
		926AE8B92064E35A00FDA8C2 /* Main.storyboard */ = {
			isa = PBXVariantGroup;
			children = (
				926AE8BA2064E35A00FDA8C2 /* Base */,
			);
			name = Main.storyboard;
			sourceTree = "<group>";
		};
		926AE8BE2064E35A00FDA8C2 /* LaunchScreen.storyboard */ = {
			isa = PBXVariantGroup;
			children = (
				926AE8BF2064E35A00FDA8C2 /* Base */,
			);
			name = LaunchScreen.storyboard;
			sourceTree = "<group>";
		};
/* End PBXVariantGroup section */

/* Begin XCBuildConfiguration section */
		926AE8DA2064E35A00FDA8C2 /* Debug */ = {
			isa = XCBuildConfiguration;
			buildSettings = {
				ALWAYS_SEARCH_USER_PATHS = NO;
				CLANG_ANALYZER_NONNULL = YES;
				CLANG_ANALYZER_NUMBER_OBJECT_CONVERSION = YES_AGGRESSIVE;
				CLANG_CXX_LANGUAGE_STANDARD = "gnu++14";
				CLANG_CXX_LIBRARY = "libc++";
				CLANG_ENABLE_MODULES = YES;
				CLANG_ENABLE_OBJC_ARC = YES;
				CLANG_WARN_BLOCK_CAPTURE_AUTORELEASING = YES;
				CLANG_WARN_BOOL_CONVERSION = YES;
				CLANG_WARN_COMMA = YES;
				CLANG_WARN_CONSTANT_CONVERSION = YES;
				CLANG_WARN_DIRECT_OBJC_ISA_USAGE = YES_ERROR;
				CLANG_WARN_DOCUMENTATION_COMMENTS = YES;
				CLANG_WARN_EMPTY_BODY = YES;
				CLANG_WARN_ENUM_CONVERSION = YES;
				CLANG_WARN_INFINITE_RECURSION = YES;
				CLANG_WARN_INT_CONVERSION = YES;
				CLANG_WARN_NON_LITERAL_NULL_CONVERSION = YES;
				CLANG_WARN_OBJC_LITERAL_CONVERSION = YES;
				CLANG_WARN_OBJC_ROOT_CLASS = YES_ERROR;
				CLANG_WARN_RANGE_LOOP_ANALYSIS = YES;
				CLANG_WARN_STRICT_PROTOTYPES = YES;
				CLANG_WARN_SUSPICIOUS_MOVE = YES;
				CLANG_WARN_UNGUARDED_AVAILABILITY = YES_AGGRESSIVE;
				CLANG_WARN_UNREACHABLE_CODE = YES;
				CLANG_WARN__DUPLICATE_METHOD_MATCH = YES;
				CODE_SIGN_IDENTITY = "iPhone Developer";
				COPY_PHASE_STRIP = NO;
				DEBUG_INFORMATION_FORMAT = dwarf;
				ENABLE_STRICT_OBJC_MSGSEND = YES;
				ENABLE_TESTABILITY = YES;
				GCC_C_LANGUAGE_STANDARD = gnu11;
				GCC_DYNAMIC_NO_PIC = NO;
				GCC_NO_COMMON_BLOCKS = YES;
				GCC_OPTIMIZATION_LEVEL = 0;
				GCC_PREPROCESSOR_DEFINITIONS = (
					"DEBUG=1",
					"$(inherited)",
				);
				GCC_WARN_64_TO_32_BIT_CONVERSION = YES;
				GCC_WARN_ABOUT_RETURN_TYPE = YES_ERROR;
				GCC_WARN_UNDECLARED_SELECTOR = YES;
				GCC_WARN_UNINITIALIZED_AUTOS = YES_AGGRESSIVE;
				GCC_WARN_UNUSED_FUNCTION = YES;
				GCC_WARN_UNUSED_VARIABLE = YES;
				IPHONEOS_DEPLOYMENT_TARGET = 11.2;
				MTL_ENABLE_DEBUG_INFO = YES;
				ONLY_ACTIVE_ARCH = YES;
				SDKROOT = iphoneos;
			};
			name = Debug;
		};
		926AE8DB2064E35A00FDA8C2 /* Release */ = {
			isa = XCBuildConfiguration;
			buildSettings = {
				ALWAYS_SEARCH_USER_PATHS = NO;
				CLANG_ANALYZER_NONNULL = YES;
				CLANG_ANALYZER_NUMBER_OBJECT_CONVERSION = YES_AGGRESSIVE;
				CLANG_CXX_LANGUAGE_STANDARD = "gnu++14";
				CLANG_CXX_LIBRARY = "libc++";
				CLANG_ENABLE_MODULES = YES;
				CLANG_ENABLE_OBJC_ARC = YES;
				CLANG_WARN_BLOCK_CAPTURE_AUTORELEASING = YES;
				CLANG_WARN_BOOL_CONVERSION = YES;
				CLANG_WARN_COMMA = YES;
				CLANG_WARN_CONSTANT_CONVERSION = YES;
				CLANG_WARN_DIRECT_OBJC_ISA_USAGE = YES_ERROR;
				CLANG_WARN_DOCUMENTATION_COMMENTS = YES;
				CLANG_WARN_EMPTY_BODY = YES;
				CLANG_WARN_ENUM_CONVERSION = YES;
				CLANG_WARN_INFINITE_RECURSION = YES;
				CLANG_WARN_INT_CONVERSION = YES;
				CLANG_WARN_NON_LITERAL_NULL_CONVERSION = YES;
				CLANG_WARN_OBJC_LITERAL_CONVERSION = YES;
				CLANG_WARN_OBJC_ROOT_CLASS = YES_ERROR;
				CLANG_WARN_RANGE_LOOP_ANALYSIS = YES;
				CLANG_WARN_STRICT_PROTOTYPES = YES;
				CLANG_WARN_SUSPICIOUS_MOVE = YES;
				CLANG_WARN_UNGUARDED_AVAILABILITY = YES_AGGRESSIVE;
				CLANG_WARN_UNREACHABLE_CODE = YES;
				CLANG_WARN__DUPLICATE_METHOD_MATCH = YES;
				CODE_SIGN_IDENTITY = "iPhone Developer";
				COPY_PHASE_STRIP = NO;
				DEBUG_INFORMATION_FORMAT = "dwarf-with-dsym";
				ENABLE_NS_ASSERTIONS = NO;
				ENABLE_STRICT_OBJC_MSGSEND = YES;
				GCC_C_LANGUAGE_STANDARD = gnu11;
				GCC_NO_COMMON_BLOCKS = YES;
				GCC_WARN_64_TO_32_BIT_CONVERSION = YES;
				GCC_WARN_ABOUT_RETURN_TYPE = YES_ERROR;
				GCC_WARN_UNDECLARED_SELECTOR = YES;
				GCC_WARN_UNINITIALIZED_AUTOS = YES_AGGRESSIVE;
				GCC_WARN_UNUSED_FUNCTION = YES;
				GCC_WARN_UNUSED_VARIABLE = YES;
				IPHONEOS_DEPLOYMENT_TARGET = 11.2;
				MTL_ENABLE_DEBUG_INFO = NO;
				SDKROOT = iphoneos;
				VALIDATE_PRODUCT = YES;
			};
			name = Release;
		};
		926AE8DD2064E35A00FDA8C2 /* Debug */ = {
			isa = XCBuildConfiguration;
			baseConfigurationReference = C083621604C23B15E907FF09 /* Pods-GFTrademarkQueryAPP.debug.xcconfig */;
			buildSettings = {
				ASSETCATALOG_COMPILER_APPICON_NAME = AppIcon;
				CODE_SIGN_STYLE = Automatic;
				DEVELOPMENT_TEAM = KEVDZPHMGU;
				GCC_PRECOMPILE_PREFIX_HEADER = YES;
				GCC_PREFIX_HEADER = "/Users/wangning/wangning/国方商标/商标分类表查询IOS端APP/GFTrademarkQueryAPP/GFTrademarkQueryAPP/PrefixHeader.pch";
				HEADER_SEARCH_PATHS = (
					"$(inherited)",
					"\"${PODS_ROOT}/Headers/Public\"",
					"\"${PODS_ROOT}/Headers/Public/FMDB\"",
					"\"${PODS_ROOT}/Headers/Public/MBProgressHUD\"",
					"\"${PODS_ROOT}/Headers/Public/MJRefresh\"",
					"\"${PODS_ROOT}/Headers/Public/Masonry\"",
					"\"${PODS_ROOT}/Headers/Public/RATreeView\"",
					"\"${PODS_ROOT}/Headers/Public/SVProgressHUD\"",
					"\"${PODS_ROOT}/**",
				);
				INFOPLIST_FILE = GFTrademarkQueryAPP/Info.plist;
				IPHONEOS_DEPLOYMENT_TARGET = 10.0;
				LD_RUNPATH_SEARCH_PATHS = "$(inherited) @executable_path/Frameworks";
				PRODUCT_BUNDLE_IDENTIFIER = com.gf.GFTrademarkQueryAPP;
				PRODUCT_NAME = "$(TARGET_NAME)";
				TARGETED_DEVICE_FAMILY = "1,2";
			};
			name = Debug;
		};
		926AE8DE2064E35A00FDA8C2 /* Release */ = {
			isa = XCBuildConfiguration;
			baseConfigurationReference = AEA97D33DF0F7D6D4C8E3B54 /* Pods-GFTrademarkQueryAPP.release.xcconfig */;
			buildSettings = {
				ASSETCATALOG_COMPILER_APPICON_NAME = AppIcon;
				CODE_SIGN_STYLE = Automatic;
				DEVELOPMENT_TEAM = KEVDZPHMGU;
				GCC_PRECOMPILE_PREFIX_HEADER = YES;
				GCC_PREFIX_HEADER = "/Users/wangning/wangning/国方商标/商标分类表查询IOS端APP/GFTrademarkQueryAPP/GFTrademarkQueryAPP/PrefixHeader.pch";
				HEADER_SEARCH_PATHS = (
					"$(inherited)",
					"\"${PODS_ROOT}/Headers/Public\"",
					"\"${PODS_ROOT}/Headers/Public/FMDB\"",
					"\"${PODS_ROOT}/Headers/Public/MBProgressHUD\"",
					"\"${PODS_ROOT}/Headers/Public/MJRefresh\"",
					"\"${PODS_ROOT}/Headers/Public/Masonry\"",
					"\"${PODS_ROOT}/Headers/Public/RATreeView\"",
					"\"${PODS_ROOT}/Headers/Public/SVProgressHUD\"",
					"\"${PODS_ROOT}/**",
				);
				INFOPLIST_FILE = GFTrademarkQueryAPP/Info.plist;
				IPHONEOS_DEPLOYMENT_TARGET = 10.0;
				LD_RUNPATH_SEARCH_PATHS = "$(inherited) @executable_path/Frameworks";
				PRODUCT_BUNDLE_IDENTIFIER = com.gf.GFTrademarkQueryAPP;
				PRODUCT_NAME = "$(TARGET_NAME)";
				TARGETED_DEVICE_FAMILY = "1,2";
			};
			name = Release;
		};
		926AE8E02064E35A00FDA8C2 /* Debug */ = {
			isa = XCBuildConfiguration;
			baseConfigurationReference = 2DD5F845016CB23F16110E73 /* Pods-GFTrademarkQueryAPPTests.debug.xcconfig */;
			buildSettings = {
				BUNDLE_LOADER = "$(TEST_HOST)";
				CODE_SIGN_STYLE = Automatic;
				DEVELOPMENT_TEAM = KEVDZPHMGU;
				INFOPLIST_FILE = GFTrademarkQueryAPPTests/Info.plist;
				LD_RUNPATH_SEARCH_PATHS = "$(inherited) @executable_path/Frameworks @loader_path/Frameworks";
				PRODUCT_BUNDLE_IDENTIFIER = com.gf.GFTrademarkQueryAPPTests;
				PRODUCT_NAME = "$(TARGET_NAME)";
				TARGETED_DEVICE_FAMILY = "1,2";
				TEST_HOST = "$(BUILT_PRODUCTS_DIR)/GFTrademarkQueryAPP.app/GFTrademarkQueryAPP";
			};
			name = Debug;
		};
		926AE8E12064E35A00FDA8C2 /* Release */ = {
			isa = XCBuildConfiguration;
			baseConfigurationReference = AFB23F857D70EFCEC08079C2 /* Pods-GFTrademarkQueryAPPTests.release.xcconfig */;
			buildSettings = {
				BUNDLE_LOADER = "$(TEST_HOST)";
				CODE_SIGN_STYLE = Automatic;
				DEVELOPMENT_TEAM = KEVDZPHMGU;
				INFOPLIST_FILE = GFTrademarkQueryAPPTests/Info.plist;
				LD_RUNPATH_SEARCH_PATHS = "$(inherited) @executable_path/Frameworks @loader_path/Frameworks";
				PRODUCT_BUNDLE_IDENTIFIER = com.gf.GFTrademarkQueryAPPTests;
				PRODUCT_NAME = "$(TARGET_NAME)";
				TARGETED_DEVICE_FAMILY = "1,2";
				TEST_HOST = "$(BUILT_PRODUCTS_DIR)/GFTrademarkQueryAPP.app/GFTrademarkQueryAPP";
			};
			name = Release;
		};
		926AE8E32064E35A00FDA8C2 /* Debug */ = {
			isa = XCBuildConfiguration;
			baseConfigurationReference = 8693E082C7B9C7BF17171525 /* Pods-GFTrademarkQueryAPPUITests.debug.xcconfig */;
			buildSettings = {
				CODE_SIGN_STYLE = Automatic;
				DEVELOPMENT_TEAM = KEVDZPHMGU;
				INFOPLIST_FILE = GFTrademarkQueryAPPUITests/Info.plist;
				LD_RUNPATH_SEARCH_PATHS = "$(inherited) @executable_path/Frameworks @loader_path/Frameworks";
				PRODUCT_BUNDLE_IDENTIFIER = com.gf.GFTrademarkQueryAPPUITests;
				PRODUCT_NAME = "$(TARGET_NAME)";
				TARGETED_DEVICE_FAMILY = "1,2";
				TEST_TARGET_NAME = GFTrademarkQueryAPP;
			};
			name = Debug;
		};
		926AE8E42064E35A00FDA8C2 /* Release */ = {
			isa = XCBuildConfiguration;
			baseConfigurationReference = 8A3039D53BBCE9C101043E47 /* Pods-GFTrademarkQueryAPPUITests.release.xcconfig */;
			buildSettings = {
				CODE_SIGN_STYLE = Automatic;
				DEVELOPMENT_TEAM = KEVDZPHMGU;
				INFOPLIST_FILE = GFTrademarkQueryAPPUITests/Info.plist;
				LD_RUNPATH_SEARCH_PATHS = "$(inherited) @executable_path/Frameworks @loader_path/Frameworks";
				PRODUCT_BUNDLE_IDENTIFIER = com.gf.GFTrademarkQueryAPPUITests;
				PRODUCT_NAME = "$(TARGET_NAME)";
				TARGETED_DEVICE_FAMILY = "1,2";
				TEST_TARGET_NAME = GFTrademarkQueryAPP;
			};
			name = Release;
		};
/* End XCBuildConfiguration section */

/* Begin XCConfigurationList section */
		926AE8AB2064E35A00FDA8C2 /* Build configuration list for PBXProject "GFTrademarkQueryAPP" */ = {
			isa = XCConfigurationList;
			buildConfigurations = (
				926AE8DA2064E35A00FDA8C2 /* Debug */,
				926AE8DB2064E35A00FDA8C2 /* Release */,
			);
			defaultConfigurationIsVisible = 0;
			defaultConfigurationName = Release;
		};
		926AE8DC2064E35A00FDA8C2 /* Build configuration list for PBXNativeTarget "GFTrademarkQueryAPP" */ = {
			isa = XCConfigurationList;
			buildConfigurations = (
				926AE8DD2064E35A00FDA8C2 /* Debug */,
				926AE8DE2064E35A00FDA8C2 /* Release */,
			);
			defaultConfigurationIsVisible = 0;
			defaultConfigurationName = Release;
		};
		926AE8DF2064E35A00FDA8C2 /* Build configuration list for PBXNativeTarget "GFTrademarkQueryAPPTests" */ = {
			isa = XCConfigurationList;
			buildConfigurations = (
				926AE8E02064E35A00FDA8C2 /* Debug */,
				926AE8E12064E35A00FDA8C2 /* Release */,
			);
			defaultConfigurationIsVisible = 0;
			defaultConfigurationName = Release;
		};
		926AE8E22064E35A00FDA8C2 /* Build configuration list for PBXNativeTarget "GFTrademarkQueryAPPUITests" */ = {
			isa = XCConfigurationList;
			buildConfigurations = (
				926AE8E32064E35A00FDA8C2 /* Debug */,
				926AE8E42064E35A00FDA8C2 /* Release */,
			);
			defaultConfigurationIsVisible = 0;
			defaultConfigurationName = Release;
		};
/* End XCConfigurationList section */
	};
	rootObject = 926AE8A82064E35A00FDA8C2 /* Project object */;
}
